PODS:
  - Nimble (8.0.4)
  - Quick (2.2.0)
  - RxCocoa (5.0.1):
    - RxRelay (~> 5)
    - RxSwift (~> 5)
  - RxRelay (5.0.1):
    - RxSwift (~> 5)
  - RxSwift (5.0.1)
  - RxSwiftExt (5.1.1):
    - RxSwiftExt/Core (= 5.1.1)
    - RxSwiftExt/RxCocoa (= 5.1.1)
  - RxSwiftExt/Core (5.1.1):
    - RxSwift (~> 5.0)
  - RxSwiftExt/RxCocoa (5.1.1):
    - RxCocoa (~> 5.0)
    - RxSwiftExt/Core

DEPENDENCIES:
  - Nimble
  - Quick
  - RxCocoa (= 5.0.1)
  - RxSwift (= 5.0.1)
  - RxSwiftExt (= 5.1.1)

SPEC REPOS:
  https://github.com/cocoapods/specs.git:
    - Nimble
    - Quick
    - RxCocoa
    - RxRelay
    - RxSwift
    - RxSwiftExt

SPEC CHECKSUMS:
  Nimble: 18d5360282923225d62b09d781f63abc1a0111fc
  Quick: 7fb19e13be07b5dfb3b90d4f9824c855a11af40e
  RxCocoa: e741b9749968e8a143e2b787f1dfbff2b63d0a5c
  RxRelay: 89d54507f4fd4d969e6ec1d4bd7f3673640b4640
  RxSwift: e2dc62b366a3adf6a0be44ba9f405efd4c94e0c4
  RxSwiftExt: 0d2fd77523a169d1459be34961b996a194bdef0e

PODFILE CHECKSUM: a881b1e5a77da0b0d356cd00bbdc61a83adb4afe

COCOAPODS: 1.7.1
