// !$*UTF8*$!
{
	archiveVersion = 1;
	classes = {
	};
	objectVersion = 50;
	objects = {

/* Begin PBXBuildFile section */
		5DB2163AA1408D80BF5A8EEF /* Pods_RxViperShoppingCart.framework in Frameworks */ = {isa = PBXBuildFile; fileRef = 553F1D2E4148B292EC13376E /* Pods_RxViperShoppingCart.framework */; };
		B384F88DBB37BC70D8301469 /* Pods_RxViperShoppingCartUITests.framework in Frameworks */ = {isa = PBXBuildFile; fileRef = 5D2CA33C4B256A2ABD575E26 /* Pods_RxViperShoppingCartUITests.framework */; };
		D91A2F44237C14E700F71942 /* AppDelegate.swift in Sources */ = {isa = PBXBuildFile; fileRef = D91A2F43237C14E700F71942 /* AppDelegate.swift */; };
		D91A2F46237C14E700F71942 /* SceneDelegate.swift in Sources */ = {isa = PBXBuildFile; fileRef = D91A2F45237C14E700F71942 /* SceneDelegate.swift */; };
		D91A2F48237C14E700F71942 /* ViewController.swift in Sources */ = {isa = PBXBuildFile; fileRef = D91A2F47237C14E700F71942 /* ViewController.swift */; };
		D91A2F4B237C14E700F71942 /* Main.storyboard in Resources */ = {isa = PBXBuildFile; fileRef = D91A2F49237C14E700F71942 /* Main.storyboard */; };
		D91A2F4E237C14E700F71942 /* RxViperShoppingCart.xcdatamodeld in Sources */ = {isa = PBXBuildFile; fileRef = D91A2F4C237C14E700F71942 /* RxViperShoppingCart.xcdatamodeld */; };
		D91A2F50237C14E900F71942 /* Assets.xcassets in Resources */ = {isa = PBXBuildFile; fileRef = D91A2F4F237C14E900F71942 /* Assets.xcassets */; };
		D91A2F53237C14E900F71942 /* LaunchScreen.storyboard in Resources */ = {isa = PBXBuildFile; fileRef = D91A2F51237C14E900F71942 /* LaunchScreen.storyboard */; };
		D91A2F5E237C14E900F71942 /* RxViperShoppingCartTests.swift in Sources */ = {isa = PBXBuildFile; fileRef = D91A2F5D237C14E900F71942 /* RxViperShoppingCartTests.swift */; };
		D91A2F69237C14E900F71942 /* RxViperShoppingCartUITests.swift in Sources */ = {isa = PBXBuildFile; fileRef = D91A2F68237C14E900F71942 /* RxViperShoppingCartUITests.swift */; };
		F51B9670BB89AF2472B53EAB /* Pods_RxViperShoppingCartTests.framework in Frameworks */ = {isa = PBXBuildFile; fileRef = 4A4E3EC92A8768559CFBDE8B /* Pods_RxViperShoppingCartTests.framework */; };
/* End PBXBuildFile section */

/* Begin PBXContainerItemProxy section */
		D91A2F5A237C14E900F71942 /* PBXContainerItemProxy */ = {
			isa = PBXContainerItemProxy;
			containerPortal = D91A2F38237C14E700F71942 /* Project object */;
			proxyType = 1;
			remoteGlobalIDString = D91A2F3F237C14E700F71942;
			remoteInfo = RxViperShoppingCart;
		};
		D91A2F65237C14E900F71942 /* PBXContainerItemProxy */ = {
			isa = PBXContainerItemProxy;
			containerPortal = D91A2F38237C14E700F71942 /* Project object */;
			proxyType = 1;
			remoteGlobalIDString = D91A2F3F237C14E700F71942;
			remoteInfo = RxViperShoppingCart;
		};
/* End PBXContainerItemProxy section */

/* Begin PBXFileReference section */
		3A0AC2921C8DA0860978CEC8 /* Pods-RxViperShoppingCartUITests.debug.xcconfig */ = {isa = PBXFileReference; includeInIndex = 1; lastKnownFileType = text.xcconfig; name = "Pods-RxViperShoppingCartUITests.debug.xcconfig"; path = "Target Support Files/Pods-RxViperShoppingCartUITests/Pods-RxViperShoppingCartUITests.debug.xcconfig"; sourceTree = "<group>"; };
		4A4E3EC92A8768559CFBDE8B /* Pods_RxViperShoppingCartTests.framework */ = {isa = PBXFileReference; explicitFileType = wrapper.framework; includeInIndex = 0; path = Pods_RxViperShoppingCartTests.framework; sourceTree = BUILT_PRODUCTS_DIR; };
		553F1D2E4148B292EC13376E /* Pods_RxViperShoppingCart.framework */ = {isa = PBXFileReference; explicitFileType = wrapper.framework; includeInIndex = 0; path = Pods_RxViperShoppingCart.framework; sourceTree = BUILT_PRODUCTS_DIR; };
		5D2CA33C4B256A2ABD575E26 /* Pods_RxViperShoppingCartUITests.framework */ = {isa = PBXFileReference; explicitFileType = wrapper.framework; includeInIndex = 0; path = Pods_RxViperShoppingCartUITests.framework; sourceTree = BUILT_PRODUCTS_DIR; };
		9721BA6884DDEC6D91C477D5 /* Pods-RxViperShoppingCartUITests.release.xcconfig */ = {isa = PBXFileReference; includeInIndex = 1; lastKnownFileType = text.xcconfig; name = "Pods-RxViperShoppingCartUITests.release.xcconfig"; path = "Target Support Files/Pods-RxViperShoppingCartUITests/Pods-RxViperShoppingCartUITests.release.xcconfig"; sourceTree = "<group>"; };
		B44C50D75430AC8C857DFFDD /* Pods-RxViperShoppingCartTests.release.xcconfig */ = {isa = PBXFileReference; includeInIndex = 1; lastKnownFileType = text.xcconfig; name = "Pods-RxViperShoppingCartTests.release.xcconfig"; path = "Target Support Files/Pods-RxViperShoppingCartTests/Pods-RxViperShoppingCartTests.release.xcconfig"; sourceTree = "<group>"; };
		B81F10B29E6CDB4A4D3F3127 /* Pods-RxViperShoppingCartTests.debug.xcconfig */ = {isa = PBXFileReference; includeInIndex = 1; lastKnownFileType = text.xcconfig; name = "Pods-RxViperShoppingCartTests.debug.xcconfig"; path = "Target Support Files/Pods-RxViperShoppingCartTests/Pods-RxViperShoppingCartTests.debug.xcconfig"; sourceTree = "<group>"; };
		C98319E2A6FA6AC28B91D92B /* Pods-RxViperShoppingCart.debug.xcconfig */ = {isa = PBXFileReference; includeInIndex = 1; lastKnownFileType = text.xcconfig; name = "Pods-RxViperShoppingCart.debug.xcconfig"; path = "Target Support Files/Pods-RxViperShoppingCart/Pods-RxViperShoppingCart.debug.xcconfig"; sourceTree = "<group>"; };
		D91A2F40237C14E700F71942 /* RxViperShoppingCart.app */ = {isa = PBXFileReference; explicitFileType = wrapper.application; includeInIndex = 0; path = RxViperShoppingCart.app; sourceTree = BUILT_PRODUCTS_DIR; };
		D91A2F43237C14E700F71942 /* AppDelegate.swift */ = {isa = PBXFileReference; lastKnownFileType = sourcecode.swift; path = AppDelegate.swift; sourceTree = "<group>"; };
		D91A2F45237C14E700F71942 /* SceneDelegate.swift */ = {isa = PBXFileReference; lastKnownFileType = sourcecode.swift; path = SceneDelegate.swift; sourceTree = "<group>"; };
		D91A2F47237C14E700F71942 /* ViewController.swift */ = {isa = PBXFileReference; lastKnownFileType = sourcecode.swift; path = ViewController.swift; sourceTree = "<group>"; };
		D91A2F4A237C14E700F71942 /* Base */ = {isa = PBXFileReference; lastKnownFileType = file.storyboard; name = Base; path = Base.lproj/Main.storyboard; sourceTree = "<group>"; };
		D91A2F4D237C14E700F71942 /* RxViperShoppingCart.xcdatamodel */ = {isa = PBXFileReference; lastKnownFileType = wrapper.xcdatamodel; path = RxViperShoppingCart.xcdatamodel; sourceTree = "<group>"; };
		D91A2F4F237C14E900F71942 /* Assets.xcassets */ = {isa = PBXFileReference; lastKnownFileType = folder.assetcatalog; path = Assets.xcassets; sourceTree = "<group>"; };
		D91A2F52237C14E900F71942 /* Base */ = {isa = PBXFileReference; lastKnownFileType = file.storyboard; name = Base; path = Base.lproj/LaunchScreen.storyboard; sourceTree = "<group>"; };
		D91A2F54237C14E900F71942 /* Info.plist */ = {isa = PBXFileReference; lastKnownFileType = text.plist.xml; path = Info.plist; sourceTree = "<group>"; };
		D91A2F59237C14E900F71942 /* RxViperShoppingCartTests.xctest */ = {isa = PBXFileReference; explicitFileType = wrapper.cfbundle; includeInIndex = 0; path = RxViperShoppingCartTests.xctest; sourceTree = BUILT_PRODUCTS_DIR; };
		D91A2F5D237C14E900F71942 /* RxViperShoppingCartTests.swift */ = {isa = PBXFileReference; lastKnownFileType = sourcecode.swift; path = RxViperShoppingCartTests.swift; sourceTree = "<group>"; };
		D91A2F5F237C14E900F71942 /* Info.plist */ = {isa = PBXFileReference; lastKnownFileType = text.plist.xml; path = Info.plist; sourceTree = "<group>"; };
		D91A2F64237C14E900F71942 /* RxViperShoppingCartUITests.xctest */ = {isa = PBXFileReference; explicitFileType = wrapper.cfbundle; includeInIndex = 0; path = RxViperShoppingCartUITests.xctest; sourceTree = BUILT_PRODUCTS_DIR; };
		D91A2F68237C14E900F71942 /* RxViperShoppingCartUITests.swift */ = {isa = PBXFileReference; lastKnownFileType = sourcecode.swift; path = RxViperShoppingCartUITests.swift; sourceTree = "<group>"; };
		D91A2F6A237C14E900F71942 /* Info.plist */ = {isa = PBXFileReference; lastKnownFileType = text.plist.xml; path = Info.plist; sourceTree = "<group>"; };
		E0FD09643584217C4ADFBE28 /* Pods-RxViperShoppingCart.release.xcconfig */ = {isa = PBXFileReference; includeInIndex = 1; lastKnownFileType = text.xcconfig; name = "Pods-RxViperShoppingCart.release.xcconfig"; path = "Target Support Files/Pods-RxViperShoppingCart/Pods-RxViperShoppingCart.release.xcconfig"; sourceTree = "<group>"; };
/* End PBXFileReference section */

/* Begin PBXFrameworksBuildPhase section */
		D91A2F3D237C14E700F71942 /* Frameworks */ = {
			isa = PBXFrameworksBuildPhase;
			buildActionMask = 2147483647;
			files = (
				5DB2163AA1408D80BF5A8EEF /* Pods_RxViperShoppingCart.framework in Frameworks */,
			);
			runOnlyForDeploymentPostprocessing = 0;
		};
		D91A2F56237C14E900F71942 /* Frameworks */ = {
			isa = PBXFrameworksBuildPhase;
			buildActionMask = 2147483647;
			files = (
				F51B9670BB89AF2472B53EAB /* Pods_RxViperShoppingCartTests.framework in Frameworks */,
			);
			runOnlyForDeploymentPostprocessing = 0;
		};
		D91A2F61237C14E900F71942 /* Frameworks */ = {
			isa = PBXFrameworksBuildPhase;
			buildActionMask = 2147483647;
			files = (
				B384F88DBB37BC70D8301469 /* Pods_RxViperShoppingCartUITests.framework in Frameworks */,
			);
			runOnlyForDeploymentPostprocessing = 0;
		};
/* End PBXFrameworksBuildPhase section */

/* Begin PBXGroup section */
		59C13EF0E9941351D1C4DC51 /* Pods */ = {
			isa = PBXGroup;
			children = (
				C98319E2A6FA6AC28B91D92B /* Pods-RxViperShoppingCart.debug.xcconfig */,
				E0FD09643584217C4ADFBE28 /* Pods-RxViperShoppingCart.release.xcconfig */,
				B81F10B29E6CDB4A4D3F3127 /* Pods-RxViperShoppingCartTests.debug.xcconfig */,
				B44C50D75430AC8C857DFFDD /* Pods-RxViperShoppingCartTests.release.xcconfig */,
				3A0AC2921C8DA0860978CEC8 /* Pods-RxViperShoppingCartUITests.debug.xcconfig */,
				9721BA6884DDEC6D91C477D5 /* Pods-RxViperShoppingCartUITests.release.xcconfig */,
			);
			name = Pods;
			path = Pods;
			sourceTree = "<group>";
		};
		D91A2F37237C14E700F71942 = {
			isa = PBXGroup;
			children = (
				D91A2F42237C14E700F71942 /* RxViperShoppingCart */,
				D91A2F5C237C14E900F71942 /* RxViperShoppingCartTests */,
				D91A2F67237C14E900F71942 /* RxViperShoppingCartUITests */,
				D91A2F41237C14E700F71942 /* Products */,
				59C13EF0E9941351D1C4DC51 /* Pods */,
				FF6FBF38DC7F517BC624C4AA /* Frameworks */,
			);
			sourceTree = "<group>";
		};
		D91A2F41237C14E700F71942 /* Products */ = {
			isa = PBXGroup;
			children = (
				D91A2F40237C14E700F71942 /* RxViperShoppingCart.app */,
				D91A2F59237C14E900F71942 /* RxViperShoppingCartTests.xctest */,
				D91A2F64237C14E900F71942 /* RxViperShoppingCartUITests.xctest */,
			);
			name = Products;
			sourceTree = "<group>";
		};
		D91A2F42237C14E700F71942 /* RxViperShoppingCart */ = {
			isa = PBXGroup;
			children = (
				D91A2F43237C14E700F71942 /* AppDelegate.swift */,
				D91A2F45237C14E700F71942 /* SceneDelegate.swift */,
				D91A2F47237C14E700F71942 /* ViewController.swift */,
				D91A2F49237C14E700F71942 /* Main.storyboard */,
				D91A2F4F237C14E900F71942 /* Assets.xcassets */,
				D91A2F51237C14E900F71942 /* LaunchScreen.storyboard */,
				D91A2F54237C14E900F71942 /* Info.plist */,
				D91A2F4C237C14E700F71942 /* RxViperShoppingCart.xcdatamodeld */,
			);
			path = RxViperShoppingCart;
			sourceTree = "<group>";
		};
		D91A2F5C237C14E900F71942 /* RxViperShoppingCartTests */ = {
			isa = PBXGroup;
			children = (
				D91A2F5D237C14E900F71942 /* RxViperShoppingCartTests.swift */,
				D91A2F5F237C14E900F71942 /* Info.plist */,
			);
			path = RxViperShoppingCartTests;
			sourceTree = "<group>";
		};
		D91A2F67237C14E900F71942 /* RxViperShoppingCartUITests */ = {
			isa = PBXGroup;
			children = (
				D91A2F68237C14E900F71942 /* RxViperShoppingCartUITests.swift */,
				D91A2F6A237C14E900F71942 /* Info.plist */,
			);
			path = RxViperShoppingCartUITests;
			sourceTree = "<group>";
		};
		FF6FBF38DC7F517BC624C4AA /* Frameworks */ = {
			isa = PBXGroup;
			children = (
				553F1D2E4148B292EC13376E /* Pods_RxViperShoppingCart.framework */,
				4A4E3EC92A8768559CFBDE8B /* Pods_RxViperShoppingCartTests.framework */,
				5D2CA33C4B256A2ABD575E26 /* Pods_RxViperShoppingCartUITests.framework */,
			);
			name = Frameworks;
			sourceTree = "<group>";
		};
/* End PBXGroup section */

/* Begin PBXNativeTarget section */
		D91A2F3F237C14E700F71942 /* RxViperShoppingCart */ = {
			isa = PBXNativeTarget;
			buildConfigurationList = D91A2F6D237C14E900F71942 /* Build configuration list for PBXNativeTarget "RxViperShoppingCart" */;
			buildPhases = (
				53A8A94D380F4B0629BC3FAE /* [CP] Check Pods Manifest.lock */,
				D91A2F3C237C14E700F71942 /* Sources */,
				D91A2F3D237C14E700F71942 /* Frameworks */,
				D91A2F3E237C14E700F71942 /* Resources */,
				7854036D01F6FF1E69C9B397 /* [CP] Embed Pods Frameworks */,
			);
			buildRules = (
			);
			dependencies = (
			);
			name = RxViperShoppingCart;
			productName = RxViperShoppingCart;
			productReference = D91A2F40237C14E700F71942 /* RxViperShoppingCart.app */;
			productType = "com.apple.product-type.application";
		};
		D91A2F58237C14E900F71942 /* RxViperShoppingCartTests */ = {
			isa = PBXNativeTarget;
			buildConfigurationList = D91A2F70237C14E900F71942 /* Build configuration list for PBXNativeTarget "RxViperShoppingCartTests" */;
			buildPhases = (
				3A9F46B886754D4908635153 /* [CP] Check Pods Manifest.lock */,
				D91A2F55237C14E900F71942 /* Sources */,
				D91A2F56237C14E900F71942 /* Frameworks */,
				D91A2F57237C14E900F71942 /* Resources */,
			);
			buildRules = (
			);
			dependencies = (
				D91A2F5B237C14E900F71942 /* PBXTargetDependency */,
			);
			name = RxViperShoppingCartTests;
			productName = RxViperShoppingCartTests;
			productReference = D91A2F59237C14E900F71942 /* RxViperShoppingCartTests.xctest */;
			productType = "com.apple.product-type.bundle.unit-test";
		};
		D91A2F63237C14E900F71942 /* RxViperShoppingCartUITests */ = {
			isa = PBXNativeTarget;
			buildConfigurationList = D91A2F73237C14E900F71942 /* Build configuration list for PBXNativeTarget "RxViperShoppingCartUITests" */;
			buildPhases = (
				B8CA12C9F1AB9229D342F091 /* [CP] Check Pods Manifest.lock */,
				D91A2F60237C14E900F71942 /* Sources */,
				D91A2F61237C14E900F71942 /* Frameworks */,
				D91A2F62237C14E900F71942 /* Resources */,
			);
			buildRules = (
			);
			dependencies = (
				D91A2F66237C14E900F71942 /* PBXTargetDependency */,
			);
			name = RxViperShoppingCartUITests;
			productName = RxViperShoppingCartUITests;
			productReference = D91A2F64237C14E900F71942 /* RxViperShoppingCartUITests.xctest */;
			productType = "com.apple.product-type.bundle.ui-testing";
		};
/* End PBXNativeTarget section */

/* Begin PBXProject section */
		D91A2F38237C14E700F71942 /* Project object */ = {
			isa = PBXProject;
			attributes = {
				LastSwiftUpdateCheck = 1120;
				LastUpgradeCheck = 1120;
				ORGANIZATIONNAME = Zoho;
				TargetAttributes = {
					D91A2F3F237C14E700F71942 = {
						CreatedOnToolsVersion = 11.2;
					};
					D91A2F58237C14E900F71942 = {
						CreatedOnToolsVersion = 11.2;
						TestTargetID = D91A2F3F237C14E700F71942;
					};
					D91A2F63237C14E900F71942 = {
						CreatedOnToolsVersion = 11.2;
						TestTargetID = D91A2F3F237C14E700F71942;
					};
				};
			};
			buildConfigurationList = D91A2F3B237C14E700F71942 /* Build configuration list for PBXProject "RxViperShoppingCart" */;
			compatibilityVersion = "Xcode 9.3";
			developmentRegion = en;
			hasScannedForEncodings = 0;
			knownRegions = (
				en,
				Base,
			);
			mainGroup = D91A2F37237C14E700F71942;
			productRefGroup = D91A2F41237C14E700F71942 /* Products */;
			projectDirPath = "";
			projectRoot = "";
			targets = (
				D91A2F3F237C14E700F71942 /* RxViperShoppingCart */,
				D91A2F58237C14E900F71942 /* RxViperShoppingCartTests */,
				D91A2F63237C14E900F71942 /* RxViperShoppingCartUITests */,
			);
		};
/* End PBXProject section */

/* Begin PBXResourcesBuildPhase section */
		D91A2F3E237C14E700F71942 /* Resources */ = {
			isa = PBXResourcesBuildPhase;
			buildActionMask = 2147483647;
			files = (
				D91A2F53237C14E900F71942 /* LaunchScreen.storyboard in Resources */,
				D91A2F50237C14E900F71942 /* Assets.xcassets in Resources */,
				D91A2F4B237C14E700F71942 /* Main.storyboard in Resources */,
			);
			runOnlyForDeploymentPostprocessing = 0;
		};
		D91A2F57237C14E900F71942 /* Resources */ = {
			isa = PBXResourcesBuildPhase;
			buildActionMask = 2147483647;
			files = (
			);
			runOnlyForDeploymentPostprocessing = 0;
		};
		D91A2F62237C14E900F71942 /* Resources */ = {
			isa = PBXResourcesBuildPhase;
			buildActionMask = 2147483647;
			files = (
			);
			runOnlyForDeploymentPostprocessing = 0;
		};
/* End PBXResourcesBuildPhase section */

/* Begin PBXShellScriptBuildPhase section */
		3A9F46B886754D4908635153 /* [CP] Check Pods Manifest.lock */ = {
			isa = PBXShellScriptBuildPhase;
			buildActionMask = 2147483647;
			files = (
			);
			inputFileListPaths = (
			);
			inputPaths = (
				"${PODS_PODFILE_DIR_PATH}/Podfile.lock",
				"${PODS_ROOT}/Manifest.lock",
			);
			name = "[CP] Check Pods Manifest.lock";
			outputFileListPaths = (
			);
			outputPaths = (
				"$(DERIVED_FILE_DIR)/Pods-RxViperShoppingCartTests-checkManifestLockResult.txt",
			);
			runOnlyForDeploymentPostprocessing = 0;
			shellPath = /bin/sh;
			shellScript = "diff \"${PODS_PODFILE_DIR_PATH}/Podfile.lock\" \"${PODS_ROOT}/Manifest.lock\" > /dev/null\nif [ $? != 0 ] ; then\n    # print error to STDERR\n    echo \"error: The sandbox is not in sync with the Podfile.lock. Run 'pod install' or update your CocoaPods installation.\" >&2\n    exit 1\nfi\n# This output is used by Xcode 'outputs' to avoid re-running this script phase.\necho \"SUCCESS\" > \"${SCRIPT_OUTPUT_FILE_0}\"\n";
			showEnvVarsInLog = 0;
		};
		53A8A94D380F4B0629BC3FAE /* [CP] Check Pods Manifest.lock */ = {
			isa = PBXShellScriptBuildPhase;
			buildActionMask = 2147483647;
			files = (
			);
			inputFileListPaths = (
			);
			inputPaths = (
				"${PODS_PODFILE_DIR_PATH}/Podfile.lock",
				"${PODS_ROOT}/Manifest.lock",
			);
			name = "[CP] Check Pods Manifest.lock";
			outputFileListPaths = (
			);
			outputPaths = (
				"$(DERIVED_FILE_DIR)/Pods-RxViperShoppingCart-checkManifestLockResult.txt",
			);
			runOnlyForDeploymentPostprocessing = 0;
			shellPath = /bin/sh;
			shellScript = "diff \"${PODS_PODFILE_DIR_PATH}/Podfile.lock\" \"${PODS_ROOT}/Manifest.lock\" > /dev/null\nif [ $? != 0 ] ; then\n    # print error to STDERR\n    echo \"error: The sandbox is not in sync with the Podfile.lock. Run 'pod install' or update your CocoaPods installation.\" >&2\n    exit 1\nfi\n# This output is used by Xcode 'outputs' to avoid re-running this script phase.\necho \"SUCCESS\" > \"${SCRIPT_OUTPUT_FILE_0}\"\n";
			showEnvVarsInLog = 0;
		};
		7854036D01F6FF1E69C9B397 /* [CP] Embed Pods Frameworks */ = {
			isa = PBXShellScriptBuildPhase;
			buildActionMask = 2147483647;
			files = (
			);
			inputFileListPaths = (
				"${PODS_ROOT}/Target Support Files/Pods-RxViperShoppingCart/Pods-RxViperShoppingCart-frameworks-${CONFIGURATION}-input-files.xcfilelist",
			);
			name = "[CP] Embed Pods Frameworks";
			outputFileListPaths = (
				"${PODS_ROOT}/Target Support Files/Pods-RxViperShoppingCart/Pods-RxViperShoppingCart-frameworks-${CONFIGURATION}-output-files.xcfilelist",
			);
			runOnlyForDeploymentPostprocessing = 0;
			shellPath = /bin/sh;
			shellScript = "\"${PODS_ROOT}/Target Support Files/Pods-RxViperShoppingCart/Pods-RxViperShoppingCart-frameworks.sh\"\n";
			showEnvVarsInLog = 0;
		};
		B8CA12C9F1AB9229D342F091 /* [CP] Check Pods Manifest.lock */ = {
			isa = PBXShellScriptBuildPhase;
			buildActionMask = 2147483647;
			files = (
			);
			inputFileListPaths = (
			);
			inputPaths = (
				"${PODS_PODFILE_DIR_PATH}/Podfile.lock",
				"${PODS_ROOT}/Manifest.lock",
			);
			name = "[CP] Check Pods Manifest.lock";
			outputFileListPaths = (
			);
			outputPaths = (
				"$(DERIVED_FILE_DIR)/Pods-RxViperShoppingCartUITests-checkManifestLockResult.txt",
			);
			runOnlyForDeploymentPostprocessing = 0;
			shellPath = /bin/sh;
			shellScript = "diff \"${PODS_PODFILE_DIR_PATH}/Podfile.lock\" \"${PODS_ROOT}/Manifest.lock\" > /dev/null\nif [ $? != 0 ] ; then\n    # print error to STDERR\n    echo \"error: The sandbox is not in sync with the Podfile.lock. Run 'pod install' or update your CocoaPods installation.\" >&2\n    exit 1\nfi\n# This output is used by Xcode 'outputs' to avoid re-running this script phase.\necho \"SUCCESS\" > \"${SCRIPT_OUTPUT_FILE_0}\"\n";
			showEnvVarsInLog = 0;
		};
/* End PBXShellScriptBuildPhase section */

/* Begin PBXSourcesBuildPhase section */
		D91A2F3C237C14E700F71942 /* Sources */ = {
			isa = PBXSourcesBuildPhase;
			buildActionMask = 2147483647;
			files = (
				D91A2F4E237C14E700F71942 /* RxViperShoppingCart.xcdatamodeld in Sources */,
				D91A2F48237C14E700F71942 /* ViewController.swift in Sources */,
				D91A2F44237C14E700F71942 /* AppDelegate.swift in Sources */,
				D91A2F46237C14E700F71942 /* SceneDelegate.swift in Sources */,
			);
			runOnlyForDeploymentPostprocessing = 0;
		};
		D91A2F55237C14E900F71942 /* Sources */ = {
			isa = PBXSourcesBuildPhase;
			buildActionMask = 2147483647;
			files = (
				D91A2F5E237C14E900F71942 /* RxViperShoppingCartTests.swift in Sources */,
			);
			runOnlyForDeploymentPostprocessing = 0;
		};
		D91A2F60237C14E900F71942 /* Sources */ = {
			isa = PBXSourcesBuildPhase;
			buildActionMask = 2147483647;
			files = (
				D91A2F69237C14E900F71942 /* RxViperShoppingCartUITests.swift in Sources */,
			);
			runOnlyForDeploymentPostprocessing = 0;
		};
/* End PBXSourcesBuildPhase section */

/* Begin PBXTargetDependency section */
		D91A2F5B237C14E900F71942 /* PBXTargetDependency */ = {
			isa = PBXTargetDependency;
			target = D91A2F3F237C14E700F71942 /* RxViperShoppingCart */;
			targetProxy = D91A2F5A237C14E900F71942 /* PBXContainerItemProxy */;
		};
		D91A2F66237C14E900F71942 /* PBXTargetDependency */ = {
			isa = PBXTargetDependency;
			target = D91A2F3F237C14E700F71942 /* RxViperShoppingCart */;
			targetProxy = D91A2F65237C14E900F71942 /* PBXContainerItemProxy */;
		};
/* End PBXTargetDependency section */

/* Begin PBXVariantGroup section */
		D91A2F49237C14E700F71942 /* Main.storyboard */ = {
			isa = PBXVariantGroup;
			children = (
				D91A2F4A237C14E700F71942 /* Base */,
			);
			name = Main.storyboard;
			sourceTree = "<group>";
		};
		D91A2F51237C14E900F71942 /* LaunchScreen.storyboard */ = {
			isa = PBXVariantGroup;
			children = (
				D91A2F52237C14E900F71942 /* Base */,
			);
			name = LaunchScreen.storyboard;
			sourceTree = "<group>";
		};
/* End PBXVariantGroup section */

/* Begin XCBuildConfiguration section */
		D91A2F6B237C14E900F71942 /* Debug */ = {
			isa = XCBuildConfiguration;
			buildSettings = {
				ALWAYS_SEARCH_USER_PATHS = NO;
				CLANG_ANALYZER_NONNULL = YES;
				CLANG_ANALYZER_NUMBER_OBJECT_CONVERSION = YES_AGGRESSIVE;
				CLANG_CXX_LANGUAGE_STANDARD = "gnu++14";
				CLANG_CXX_LIBRARY = "libc++";
				CLANG_ENABLE_MODULES = YES;
				CLANG_ENABLE_OBJC_ARC = YES;
				CLANG_ENABLE_OBJC_WEAK = YES;
				CLANG_WARN_BLOCK_CAPTURE_AUTORELEASING = YES;
				CLANG_WARN_BOOL_CONVERSION = YES;
				CLANG_WARN_COMMA = YES;
				CLANG_WARN_CONSTANT_CONVERSION = YES;
				CLANG_WARN_DEPRECATED_OBJC_IMPLEMENTATIONS = YES;
				CLANG_WARN_DIRECT_OBJC_ISA_USAGE = YES_ERROR;
				CLANG_WARN_DOCUMENTATION_COMMENTS = YES;
				CLANG_WARN_EMPTY_BODY = YES;
				CLANG_WARN_ENUM_CONVERSION = YES;
				CLANG_WARN_INFINITE_RECURSION = YES;
				CLANG_WARN_INT_CONVERSION = YES;
				CLANG_WARN_NON_LITERAL_NULL_CONVERSION = YES;
				CLANG_WARN_OBJC_IMPLICIT_RETAIN_SELF = YES;
				CLANG_WARN_OBJC_LITERAL_CONVERSION = YES;
				CLANG_WARN_OBJC_ROOT_CLASS = YES_ERROR;
				CLANG_WARN_RANGE_LOOP_ANALYSIS = YES;
				CLANG_WARN_STRICT_PROTOTYPES = YES;
				CLANG_WARN_SUSPICIOUS_MOVE = YES;
				CLANG_WARN_UNGUARDED_AVAILABILITY = YES_AGGRESSIVE;
				CLANG_WARN_UNREACHABLE_CODE = YES;
				CLANG_WARN__DUPLICATE_METHOD_MATCH = YES;
				COPY_PHASE_STRIP = NO;
				DEBUG_INFORMATION_FORMAT = dwarf;
				ENABLE_STRICT_OBJC_MSGSEND = YES;
				ENABLE_TESTABILITY = YES;
				GCC_C_LANGUAGE_STANDARD = gnu11;
				GCC_DYNAMIC_NO_PIC = NO;
				GCC_NO_COMMON_BLOCKS = YES;
				GCC_OPTIMIZATION_LEVEL = 0;
				GCC_PREPROCESSOR_DEFINITIONS = (
					"DEBUG=1",
					"$(inherited)",
				);
				GCC_WARN_64_TO_32_BIT_CONVERSION = YES;
				GCC_WARN_ABOUT_RETURN_TYPE = YES_ERROR;
				GCC_WARN_UNDECLARED_SELECTOR = YES;
				GCC_WARN_UNINITIALIZED_AUTOS = YES_AGGRESSIVE;
				GCC_WARN_UNUSED_FUNCTION = YES;
				GCC_WARN_UNUSED_VARIABLE = YES;
				IPHONEOS_DEPLOYMENT_TARGET = 13.2;
				MTL_ENABLE_DEBUG_INFO = INCLUDE_SOURCE;
				MTL_FAST_MATH = YES;
				ONLY_ACTIVE_ARCH = YES;
				SDKROOT = iphoneos;
				SWIFT_ACTIVE_COMPILATION_CONDITIONS = DEBUG;
				SWIFT_OPTIMIZATION_LEVEL = "-Onone";
			};
			name = Debug;
		};
		D91A2F6C237C14E900F71942 /* Release */ = {
			isa = XCBuildConfiguration;
			buildSettings = {
				ALWAYS_SEARCH_USER_PATHS = NO;
				CLANG_ANALYZER_NONNULL = YES;
				CLANG_ANALYZER_NUMBER_OBJECT_CONVERSION = YES_AGGRESSIVE;
				CLANG_CXX_LANGUAGE_STANDARD = "gnu++14";
				CLANG_CXX_LIBRARY = "libc++";
				CLANG_ENABLE_MODULES = YES;
				CLANG_ENABLE_OBJC_ARC = YES;
				CLANG_ENABLE_OBJC_WEAK = YES;
				CLANG_WARN_BLOCK_CAPTURE_AUTORELEASING = YES;
				CLANG_WARN_BOOL_CONVERSION = YES;
				CLANG_WARN_COMMA = YES;
				CLANG_WARN_CONSTANT_CONVERSION = YES;
				CLANG_WARN_DEPRECATED_OBJC_IMPLEMENTATIONS = YES;
				CLANG_WARN_DIRECT_OBJC_ISA_USAGE = YES_ERROR;
				CLANG_WARN_DOCUMENTATION_COMMENTS = YES;
				CLANG_WARN_EMPTY_BODY = YES;
				CLANG_WARN_ENUM_CONVERSION = YES;
				CLANG_WARN_INFINITE_RECURSION = YES;
				CLANG_WARN_INT_CONVERSION = YES;
				CLANG_WARN_NON_LITERAL_NULL_CONVERSION = YES;
				CLANG_WARN_OBJC_IMPLICIT_RETAIN_SELF = YES;
				CLANG_WARN_OBJC_LITERAL_CONVERSION = YES;
				CLANG_WARN_OBJC_ROOT_CLASS = YES_ERROR;
				CLANG_WARN_RANGE_LOOP_ANALYSIS = YES;
				CLANG_WARN_STRICT_PROTOTYPES = YES;
				CLANG_WARN_SUSPICIOUS_MOVE = YES;
				CLANG_WARN_UNGUARDED_AVAILABILITY = YES_AGGRESSIVE;
				CLANG_WARN_UNREACHABLE_CODE = YES;
				CLANG_WARN__DUPLICATE_METHOD_MATCH = YES;
				COPY_PHASE_STRIP = NO;
				DEBUG_INFORMATION_FORMAT = "dwarf-with-dsym";
				ENABLE_NS_ASSERTIONS = NO;
				ENABLE_STRICT_OBJC_MSGSEND = YES;
				GCC_C_LANGUAGE_STANDARD = gnu11;
				GCC_NO_COMMON_BLOCKS = YES;
				GCC_WARN_64_TO_32_BIT_CONVERSION = YES;
				GCC_WARN_ABOUT_RETURN_TYPE = YES_ERROR;
				GCC_WARN_UNDECLARED_SELECTOR = YES;
				GCC_WARN_UNINITIALIZED_AUTOS = YES_AGGRESSIVE;
				GCC_WARN_UNUSED_FUNCTION = YES;
				GCC_WARN_UNUSED_VARIABLE = YES;
				IPHONEOS_DEPLOYMENT_TARGET = 13.2;
				MTL_ENABLE_DEBUG_INFO = NO;
				MTL_FAST_MATH = YES;
				SDKROOT = iphoneos;
				SWIFT_COMPILATION_MODE = wholemodule;
				SWIFT_OPTIMIZATION_LEVEL = "-O";
				VALIDATE_PRODUCT = YES;
			};
			name = Release;
		};
		D91A2F6E237C14E900F71942 /* Debug */ = {
			isa = XCBuildConfiguration;
			baseConfigurationReference = C98319E2A6FA6AC28B91D92B /* Pods-RxViperShoppingCart.debug.xcconfig */;
			buildSettings = {
				ASSETCATALOG_COMPILER_APPICON_NAME = AppIcon;
				CODE_SIGN_STYLE = Automatic;
				DEVELOPMENT_TEAM = TZ824L8Y37;
				INFOPLIST_FILE = RxViperShoppingCart/Info.plist;
				LD_RUNPATH_SEARCH_PATHS = (
					"$(inherited)",
					"@executable_path/Frameworks",
				);
				PRODUCT_BUNDLE_IDENTIFIER = com.zoho.showdraw.mac.RxViperShoppingCart;
				PRODUCT_NAME = "$(TARGET_NAME)";
				SWIFT_VERSION = 5.0;
				TARGETED_DEVICE_FAMILY = "1,2";
			};
			name = Debug;
		};
		D91A2F6F237C14E900F71942 /* Release */ = {
			isa = XCBuildConfiguration;
			baseConfigurationReference = E0FD09643584217C4ADFBE28 /* Pods-RxViperShoppingCart.release.xcconfig */;
			buildSettings = {
				ASSETCATALOG_COMPILER_APPICON_NAME = AppIcon;
				CODE_SIGN_STYLE = Automatic;
				DEVELOPMENT_TEAM = TZ824L8Y37;
				INFOPLIST_FILE = RxViperShoppingCart/Info.plist;
				LD_RUNPATH_SEARCH_PATHS = (
					"$(inherited)",
					"@executable_path/Frameworks",
				);
				PRODUCT_BUNDLE_IDENTIFIER = com.zoho.showdraw.mac.RxViperShoppingCart;
				PRODUCT_NAME = "$(TARGET_NAME)";
				SWIFT_VERSION = 5.0;
				TARGETED_DEVICE_FAMILY = "1,2";
			};
			name = Release;
		};
		D91A2F71237C14E900F71942 /* Debug */ = {
			isa = XCBuildConfiguration;
			baseConfigurationReference = B81F10B29E6CDB4A4D3F3127 /* Pods-RxViperShoppingCartTests.debug.xcconfig */;
			buildSettings = {
				ALWAYS_EMBED_SWIFT_STANDARD_LIBRARIES = YES;
				BUNDLE_LOADER = "$(TEST_HOST)";
				CODE_SIGN_STYLE = Automatic;
				DEVELOPMENT_TEAM = TZ824L8Y37;
				INFOPLIST_FILE = RxViperShoppingCartTests/Info.plist;
				IPHONEOS_DEPLOYMENT_TARGET = 13.2;
				LD_RUNPATH_SEARCH_PATHS = (
					"$(inherited)",
					"@executable_path/Frameworks",
					"@loader_path/Frameworks",
				);
				PRODUCT_BUNDLE_IDENTIFIER = com.zoho.showdraw.mac.RxViperShoppingCartTests;
				PRODUCT_NAME = "$(TARGET_NAME)";
				SWIFT_VERSION = 5.0;
				TARGETED_DEVICE_FAMILY = "1,2";
				TEST_HOST = "$(BUILT_PRODUCTS_DIR)/RxViperShoppingCart.app/RxViperShoppingCart";
			};
			name = Debug;
		};
		D91A2F72237C14E900F71942 /* Release */ = {
			isa = XCBuildConfiguration;
			baseConfigurationReference = B44C50D75430AC8C857DFFDD /* Pods-RxViperShoppingCartTests.release.xcconfig */;
			buildSettings = {
				ALWAYS_EMBED_SWIFT_STANDARD_LIBRARIES = YES;
				BUNDLE_LOADER = "$(TEST_HOST)";
				CODE_SIGN_STYLE = Automatic;
				DEVELOPMENT_TEAM = TZ824L8Y37;
				INFOPLIST_FILE = RxViperShoppingCartTests/Info.plist;
				IPHONEOS_DEPLOYMENT_TARGET = 13.2;
				LD_RUNPATH_SEARCH_PATHS = (
					"$(inherited)",
					"@executable_path/Frameworks",
					"@loader_path/Frameworks",
				);
				PRODUCT_BUNDLE_IDENTIFIER = com.zoho.showdraw.mac.RxViperShoppingCartTests;
				PRODUCT_NAME = "$(TARGET_NAME)";
				SWIFT_VERSION = 5.0;
				TARGETED_DEVICE_FAMILY = "1,2";
				TEST_HOST = "$(BUILT_PRODUCTS_DIR)/RxViperShoppingCart.app/RxViperShoppingCart";
			};
			name = Release;
		};
		D91A2F74237C14E900F71942 /* Debug */ = {
			isa = XCBuildConfiguration;
			baseConfigurationReference = 3A0AC2921C8DA0860978CEC8 /* Pods-RxViperShoppingCartUITests.debug.xcconfig */;
			buildSettings = {
				ALWAYS_EMBED_SWIFT_STANDARD_LIBRARIES = YES;
				CODE_SIGN_STYLE = Automatic;
				DEVELOPMENT_TEAM = TZ824L8Y37;
				INFOPLIST_FILE = RxViperShoppingCartUITests/Info.plist;
				LD_RUNPATH_SEARCH_PATHS = (
					"$(inherited)",
					"@executable_path/Frameworks",
					"@loader_path/Frameworks",
				);
				PRODUCT_BUNDLE_IDENTIFIER = com.zoho.showdraw.mac.RxViperShoppingCartUITests;
				PRODUCT_NAME = "$(TARGET_NAME)";
				SWIFT_VERSION = 5.0;
				TARGETED_DEVICE_FAMILY = "1,2";
				TEST_TARGET_NAME = RxViperShoppingCart;
			};
			name = Debug;
		};
		D91A2F75237C14E900F71942 /* Release */ = {
			isa = XCBuildConfiguration;
			baseConfigurationReference = 9721BA6884DDEC6D91C477D5 /* Pods-RxViperShoppingCartUITests.release.xcconfig */;
			buildSettings = {
				ALWAYS_EMBED_SWIFT_STANDARD_LIBRARIES = YES;
				CODE_SIGN_STYLE = Automatic;
				DEVELOPMENT_TEAM = TZ824L8Y37;
				INFOPLIST_FILE = RxViperShoppingCartUITests/Info.plist;
				LD_RUNPATH_SEARCH_PATHS = (
					"$(inherited)",
					"@executable_path/Frameworks",
					"@loader_path/Frameworks",
				);
				PRODUCT_BUNDLE_IDENTIFIER = com.zoho.showdraw.mac.RxViperShoppingCartUITests;
				PRODUCT_NAME = "$(TARGET_NAME)";
				SWIFT_VERSION = 5.0;
				TARGETED_DEVICE_FAMILY = "1,2";
				TEST_TARGET_NAME = RxViperShoppingCart;
			};
			name = Release;
		};
/* End XCBuildConfiguration section */

/* Begin XCConfigurationList section */
		D91A2F3B237C14E700F71942 /* Build configuration list for PBXProject "RxViperShoppingCart" */ = {
			isa = XCConfigurationList;
			buildConfigurations = (
				D91A2F6B237C14E900F71942 /* Debug */,
				D91A2F6C237C14E900F71942 /* Release */,
			);
			defaultConfigurationIsVisible = 0;
			defaultConfigurationName = Release;
		};
		D91A2F6D237C14E900F71942 /* Build configuration list for PBXNativeTarget "RxViperShoppingCart" */ = {
			isa = XCConfigurationList;
			buildConfigurations = (
				D91A2F6E237C14E900F71942 /* Debug */,
				D91A2F6F237C14E900F71942 /* Release */,
			);
			defaultConfigurationIsVisible = 0;
			defaultConfigurationName = Release;
		};
		D91A2F70237C14E900F71942 /* Build configuration list for PBXNativeTarget "RxViperShoppingCartTests" */ = {
			isa = XCConfigurationList;
			buildConfigurations = (
				D91A2F71237C14E900F71942 /* Debug */,
				D91A2F72237C14E900F71942 /* Release */,
			);
			defaultConfigurationIsVisible = 0;
			defaultConfigurationName = Release;
		};
		D91A2F73237C14E900F71942 /* Build configuration list for PBXNativeTarget "RxViperShoppingCartUITests" */ = {
			isa = XCConfigurationList;
			buildConfigurations = (
				D91A2F74237C14E900F71942 /* Debug */,
				D91A2F75237C14E900F71942 /* Release */,
			);
			defaultConfigurationIsVisible = 0;
			defaultConfigurationName = Release;
		};
/* End XCConfigurationList section */

/* Begin XCVersionGroup section */
		D91A2F4C237C14E700F71942 /* RxViperShoppingCart.xcdatamodeld */ = {
			isa = XCVersionGroup;
			children = (
				D91A2F4D237C14E700F71942 /* RxViperShoppingCart.xcdatamodel */,
			);
			currentVersion = D91A2F4D237C14E700F71942 /* RxViperShoppingCart.xcdatamodel */;
			path = RxViperShoppingCart.xcdatamodeld;
			sourceTree = "<group>";
			versionGroupType = wrapper.xcdatamodel;
		};
/* End XCVersionGroup section */
	};
	rootObject = D91A2F38237C14E700F71942 /* Project object */;
}
