// !$*UTF8*$!
{
	archiveVersion = 1;
	classes = {
	};
	objectVersion = 51;
	objects = {

/* Begin PBXBuildFile section */
		5DB2163AA1408D80BF5A8EEF /* Pods_RxViperShoppingCart.framework in Frameworks */ = {isa = PBXBuildFile; fileRef = 553F1D2E4148B292EC13376E /* Pods_RxViperShoppingCart.framework */; };
		B384F88DBB37BC70D8301469 /* Pods_RxViperShoppingCartUITests.framework in Frameworks */ = {isa = PBXBuildFile; fileRef = 5D2CA33C4B256A2ABD575E26 /* Pods_RxViperShoppingCartUITests.framework */; };
		D91A23812382E5B70050B8A6 /* CartInteractorAssembler.swift in Sources */ = {isa = PBXBuildFile; fileRef = D91A23802382E5B70050B8A6 /* CartInteractorAssembler.swift */; };
		D91A238323841E1A0050B8A6 /* CartTests.swift in Sources */ = {isa = PBXBuildFile; fileRef = D91A238223841E1A0050B8A6 /* CartTests.swift */; };
		D91A2385238721240050B8A6 /* ShopModuleWireFrame.swift in Sources */ = {isa = PBXBuildFile; fileRef = D91A2384238721240050B8A6 /* ShopModuleWireFrame.swift */; };
		D91A238A2387E4E60050B8A6 /* ShopViewProtocol.swift in Sources */ = {isa = PBXBuildFile; fileRef = D91A23892387E4E60050B8A6 /* ShopViewProtocol.swift */; };
		D91A238C2387E4FE0050B8A6 /* ShopPresenterProtocol.swift in Sources */ = {isa = PBXBuildFile; fileRef = D91A238B2387E4FE0050B8A6 /* ShopPresenterProtocol.swift */; };
		D91A238E2387E51D0050B8A6 /* ShopInteractorProtocol.swift in Sources */ = {isa = PBXBuildFile; fileRef = D91A238D2387E51D0050B8A6 /* ShopInteractorProtocol.swift */; };
		D91A23902387E5320050B8A6 /* ShopRouterProtocol.swift in Sources */ = {isa = PBXBuildFile; fileRef = D91A238F2387E5320050B8A6 /* ShopRouterProtocol.swift */; };
		D91A23E9238A36870050B8A6 /* ItemDetailViewProtocol.swift in Sources */ = {isa = PBXBuildFile; fileRef = D91A23E8238A36870050B8A6 /* ItemDetailViewProtocol.swift */; };
		D91A23EB238A44920050B8A6 /* ItemDetailPresenterProtocol.swift in Sources */ = {isa = PBXBuildFile; fileRef = D91A23EA238A44920050B8A6 /* ItemDetailPresenterProtocol.swift */; };
		D91A23EE238A44AD0050B8A6 /* ItemDetailViewController.swift in Sources */ = {isa = PBXBuildFile; fileRef = D91A23EC238A44AD0050B8A6 /* ItemDetailViewController.swift */; };
		D91A23EF238A44AD0050B8A6 /* ItemDetailViewController.xib in Resources */ = {isa = PBXBuildFile; fileRef = D91A23ED238A44AD0050B8A6 /* ItemDetailViewController.xib */; };
		D91A23F1238A44B80050B8A6 /* ItemDetailPresenter.swift in Sources */ = {isa = PBXBuildFile; fileRef = D91A23F0238A44B80050B8A6 /* ItemDetailPresenter.swift */; };
		D91A23F3238A45B60050B8A6 /* ItemDetailRouter.swift in Sources */ = {isa = PBXBuildFile; fileRef = D91A23F2238A45B60050B8A6 /* ItemDetailRouter.swift */; };
		D91A23F5238A45C30050B8A6 /* ItemDetailRouterProtocol.swift in Sources */ = {isa = PBXBuildFile; fileRef = D91A23F4238A45C30050B8A6 /* ItemDetailRouterProtocol.swift */; };
		D91A23F7238A461C0050B8A6 /* ModuleRouter.swift in Sources */ = {isa = PBXBuildFile; fileRef = D91A23F6238A461C0050B8A6 /* ModuleRouter.swift */; };
		D91A2F44237C14E700F71942 /* AppDelegate.swift in Sources */ = {isa = PBXBuildFile; fileRef = D91A2F43237C14E700F71942 /* AppDelegate.swift */; };
		D91A2F46237C14E700F71942 /* SceneDelegate.swift in Sources */ = {isa = PBXBuildFile; fileRef = D91A2F45237C14E700F71942 /* SceneDelegate.swift */; };
		D91A2F4B237C14E700F71942 /* Main.storyboard in Resources */ = {isa = PBXBuildFile; fileRef = D91A2F49237C14E700F71942 /* Main.storyboard */; };
		D91A2F4E237C14E700F71942 /* RxViperShoppingCart.xcdatamodeld in Sources */ = {isa = PBXBuildFile; fileRef = D91A2F4C237C14E700F71942 /* RxViperShoppingCart.xcdatamodeld */; };
		D91A2F50237C14E900F71942 /* Assets.xcassets in Resources */ = {isa = PBXBuildFile; fileRef = D91A2F4F237C14E900F71942 /* Assets.xcassets */; };
		D91A2F53237C14E900F71942 /* LaunchScreen.storyboard in Resources */ = {isa = PBXBuildFile; fileRef = D91A2F51237C14E900F71942 /* LaunchScreen.storyboard */; };
		D91A2F5E237C14E900F71942 /* RxViperShoppingCartTests.swift in Sources */ = {isa = PBXBuildFile; fileRef = D91A2F5D237C14E900F71942 /* RxViperShoppingCartTests.swift */; };
		D91A2F69237C14E900F71942 /* RxViperShoppingCartUITests.swift in Sources */ = {isa = PBXBuildFile; fileRef = D91A2F68237C14E900F71942 /* RxViperShoppingCartUITests.swift */; };
		D91A2F7D237C501200F71942 /* ShopViewController.swift in Sources */ = {isa = PBXBuildFile; fileRef = D91A2F7B237C501200F71942 /* ShopViewController.swift */; };
		D91A2F7E237C501200F71942 /* ShopViewController.xib in Resources */ = {isa = PBXBuildFile; fileRef = D91A2F7C237C501200F71942 /* ShopViewController.xib */; };
		D91A2F84237C531B00F71942 /* ShopInteractor.swift in Sources */ = {isa = PBXBuildFile; fileRef = D91A2F83237C531B00F71942 /* ShopInteractor.swift */; };
		D91A2F86237C532D00F71942 /* ShopRouter.swift in Sources */ = {isa = PBXBuildFile; fileRef = D91A2F85237C532D00F71942 /* ShopRouter.swift */; };
		D91A2F8A237C536D00F71942 /* CartItem.swift in Sources */ = {isa = PBXBuildFile; fileRef = D91A2F88237C536D00F71942 /* CartItem.swift */; };
		D91A2F8B237C536D00F71942 /* ShopItem.swift in Sources */ = {isa = PBXBuildFile; fileRef = D91A2F89237C536D00F71942 /* ShopItem.swift */; };
		D91A2F8E237C5EAE00F71942 /* ShopPresenter.swift in Sources */ = {isa = PBXBuildFile; fileRef = D91A2F8D237C5EAE00F71942 /* ShopPresenter.swift */; };
		D95B220C2381B95A00A68CB2 /* ItemTableViewCellProtocols.swift in Sources */ = {isa = PBXBuildFile; fileRef = D95B220B2381B95A00A68CB2 /* ItemTableViewCellProtocols.swift */; };
		D95B220F2381B9A700A68CB2 /* ItemTableViewCellRouter.swift in Sources */ = {isa = PBXBuildFile; fileRef = D95B220E2381B9A700A68CB2 /* ItemTableViewCellRouter.swift */; };
		D95B22192381BB0C00A68CB2 /* CartModuleProtocols.swift in Sources */ = {isa = PBXBuildFile; fileRef = D95B22182381BB0C00A68CB2 /* CartModuleProtocols.swift */; };
		D95B221C2381BB1D00A68CB2 /* CartViewController.swift in Sources */ = {isa = PBXBuildFile; fileRef = D95B221A2381BB1D00A68CB2 /* CartViewController.swift */; };
		D95B221D2381BB1D00A68CB2 /* CartViewController.xib in Resources */ = {isa = PBXBuildFile; fileRef = D95B221B2381BB1D00A68CB2 /* CartViewController.xib */; };
		D95B221F2381BB5E00A68CB2 /* CartInteractor.swift in Sources */ = {isa = PBXBuildFile; fileRef = D95B221E2381BB5E00A68CB2 /* CartInteractor.swift */; };
		D95B22212381BB7E00A68CB2 /* CartPresenter.swift in Sources */ = {isa = PBXBuildFile; fileRef = D95B22202381BB7E00A68CB2 /* CartPresenter.swift */; };
		D95B22232381BB9600A68CB2 /* CartRouter.swift in Sources */ = {isa = PBXBuildFile; fileRef = D95B22222381BB9600A68CB2 /* CartRouter.swift */; };
		D9FCFAFB237E7BAA00C96E76 /* PurchaseServiceImpl.swift in Sources */ = {isa = PBXBuildFile; fileRef = D9FCFAF4237E7BAA00C96E76 /* PurchaseServiceImpl.swift */; };
		D9FCFAFC237E7BAA00C96E76 /* ShopDataSourceImpl.swift in Sources */ = {isa = PBXBuildFile; fileRef = D9FCFAF5237E7BAA00C96E76 /* ShopDataSourceImpl.swift */; };
		D9FCFAFD237E7BAA00C96E76 /* Cart.swift in Sources */ = {isa = PBXBuildFile; fileRef = D9FCFAF6237E7BAA00C96E76 /* Cart.swift */; };
		D9FCFAFE237E7BAA00C96E76 /* CartService.swift in Sources */ = {isa = PBXBuildFile; fileRef = D9FCFAF8237E7BAA00C96E76 /* CartService.swift */; };
		D9FCFAFF237E7BAA00C96E76 /* PurchaseService.swift in Sources */ = {isa = PBXBuildFile; fileRef = D9FCFAF9237E7BAA00C96E76 /* PurchaseService.swift */; };
		D9FCFB00237E7BAA00C96E76 /* ShopDataSource.swift in Sources */ = {isa = PBXBuildFile; fileRef = D9FCFAFA237E7BAA00C96E76 /* ShopDataSource.swift */; };
		D9FCFB06237E7C0900C96E76 /* CartServiceAssembler.swift in Sources */ = {isa = PBXBuildFile; fileRef = D9FCFB03237E7C0900C96E76 /* CartServiceAssembler.swift */; };
		D9FCFB07237E7C0900C96E76 /* ShopDataSourceAssembler.swift in Sources */ = {isa = PBXBuildFile; fileRef = D9FCFB04237E7C0900C96E76 /* ShopDataSourceAssembler.swift */; };
		D9FCFB08237E7C0900C96E76 /* PurchaseServiceAssembler.swift in Sources */ = {isa = PBXBuildFile; fileRef = D9FCFB05237E7C0900C96E76 /* PurchaseServiceAssembler.swift */; };
		D9FCFB0F237E7DE900C96E76 /* PurchaseResult.swift in Sources */ = {isa = PBXBuildFile; fileRef = D9FCFB0C237E7DE900C96E76 /* PurchaseResult.swift */; };
		D9FCFB20237E823A00C96E76 /* ItemTableViewCell.xib in Resources */ = {isa = PBXBuildFile; fileRef = D9FCFB1A237E823A00C96E76 /* ItemTableViewCell.xib */; };
		D9FCFB21237E823A00C96E76 /* ItemTableViewCell.swift in Sources */ = {isa = PBXBuildFile; fileRef = D9FCFB1B237E823A00C96E76 /* ItemTableViewCell.swift */; };
		D9FCFB23237E82D600C96E76 /* ItemTableViewCellInteractor.swift in Sources */ = {isa = PBXBuildFile; fileRef = D9FCFB22237E82D600C96E76 /* ItemTableViewCellInteractor.swift */; };
		D9FCFB25237E832800C96E76 /* ItemTableViewCellPresenter.swift in Sources */ = {isa = PBXBuildFile; fileRef = D9FCFB24237E832800C96E76 /* ItemTableViewCellPresenter.swift */; };
		D9FCFB27237E9C5500C96E76 /* Constants.swift in Sources */ = {isa = PBXBuildFile; fileRef = D9FCFB26237E9C5500C96E76 /* Constants.swift */; };
		D9FCFB29237F0BAC00C96E76 /* ShopInteractorAssembler.swift in Sources */ = {isa = PBXBuildFile; fileRef = D9FCFB28237F0BAC00C96E76 /* ShopInteractorAssembler.swift */; };
		F51B9670BB89AF2472B53EAB /* Pods_RxViperShoppingCartTests.framework in Frameworks */ = {isa = PBXBuildFile; fileRef = 4A4E3EC92A8768559CFBDE8B /* Pods_RxViperShoppingCartTests.framework */; };
/* End PBXBuildFile section */

/* Begin PBXContainerItemProxy section */
		D91A2F5A237C14E900F71942 /* PBXContainerItemProxy */ = {
			isa = PBXContainerItemProxy;
			containerPortal = D91A2F38237C14E700F71942 /* Project object */;
			proxyType = 1;
			remoteGlobalIDString = D91A2F3F237C14E700F71942;
			remoteInfo = RxViperShoppingCart;
		};
		D91A2F65237C14E900F71942 /* PBXContainerItemProxy */ = {
			isa = PBXContainerItemProxy;
			containerPortal = D91A2F38237C14E700F71942 /* Project object */;
			proxyType = 1;
			remoteGlobalIDString = D91A2F3F237C14E700F71942;
			remoteInfo = RxViperShoppingCart;
		};
/* End PBXContainerItemProxy section */

/* Begin PBXFileReference section */
		3A0AC2921C8DA0860978CEC8 /* Pods-RxViperShoppingCartUITests.debug.xcconfig */ = {isa = PBXFileReference; includeInIndex = 1; lastKnownFileType = text.xcconfig; name = "Pods-RxViperShoppingCartUITests.debug.xcconfig"; path = "Target Support Files/Pods-RxViperShoppingCartUITests/Pods-RxViperShoppingCartUITests.debug.xcconfig"; sourceTree = "<group>"; };
		4A4E3EC92A8768559CFBDE8B /* Pods_RxViperShoppingCartTests.framework */ = {isa = PBXFileReference; explicitFileType = wrapper.framework; includeInIndex = 0; path = Pods_RxViperShoppingCartTests.framework; sourceTree = BUILT_PRODUCTS_DIR; };
		553F1D2E4148B292EC13376E /* Pods_RxViperShoppingCart.framework */ = {isa = PBXFileReference; explicitFileType = wrapper.framework; includeInIndex = 0; path = Pods_RxViperShoppingCart.framework; sourceTree = BUILT_PRODUCTS_DIR; };
		5D2CA33C4B256A2ABD575E26 /* Pods_RxViperShoppingCartUITests.framework */ = {isa = PBXFileReference; explicitFileType = wrapper.framework; includeInIndex = 0; path = Pods_RxViperShoppingCartUITests.framework; sourceTree = BUILT_PRODUCTS_DIR; };
		9721BA6884DDEC6D91C477D5 /* Pods-RxViperShoppingCartUITests.release.xcconfig */ = {isa = PBXFileReference; includeInIndex = 1; lastKnownFileType = text.xcconfig; name = "Pods-RxViperShoppingCartUITests.release.xcconfig"; path = "Target Support Files/Pods-RxViperShoppingCartUITests/Pods-RxViperShoppingCartUITests.release.xcconfig"; sourceTree = "<group>"; };
		B44C50D75430AC8C857DFFDD /* Pods-RxViperShoppingCartTests.release.xcconfig */ = {isa = PBXFileReference; includeInIndex = 1; lastKnownFileType = text.xcconfig; name = "Pods-RxViperShoppingCartTests.release.xcconfig"; path = "Target Support Files/Pods-RxViperShoppingCartTests/Pods-RxViperShoppingCartTests.release.xcconfig"; sourceTree = "<group>"; };
		B81F10B29E6CDB4A4D3F3127 /* Pods-RxViperShoppingCartTests.debug.xcconfig */ = {isa = PBXFileReference; includeInIndex = 1; lastKnownFileType = text.xcconfig; name = "Pods-RxViperShoppingCartTests.debug.xcconfig"; path = "Target Support Files/Pods-RxViperShoppingCartTests/Pods-RxViperShoppingCartTests.debug.xcconfig"; sourceTree = "<group>"; };
		C98319E2A6FA6AC28B91D92B /* Pods-RxViperShoppingCart.debug.xcconfig */ = {isa = PBXFileReference; includeInIndex = 1; lastKnownFileType = text.xcconfig; name = "Pods-RxViperShoppingCart.debug.xcconfig"; path = "Target Support Files/Pods-RxViperShoppingCart/Pods-RxViperShoppingCart.debug.xcconfig"; sourceTree = "<group>"; };
		D91A23802382E5B70050B8A6 /* CartInteractorAssembler.swift */ = {isa = PBXFileReference; lastKnownFileType = sourcecode.swift; path = CartInteractorAssembler.swift; sourceTree = "<group>"; };
		D91A238223841E1A0050B8A6 /* CartTests.swift */ = {isa = PBXFileReference; lastKnownFileType = sourcecode.swift; path = CartTests.swift; sourceTree = "<group>"; };
		D91A2384238721240050B8A6 /* ShopModuleWireFrame.swift */ = {isa = PBXFileReference; lastKnownFileType = sourcecode.swift; path = ShopModuleWireFrame.swift; sourceTree = "<group>"; };
		D91A23892387E4E60050B8A6 /* ShopViewProtocol.swift */ = {isa = PBXFileReference; lastKnownFileType = sourcecode.swift; path = ShopViewProtocol.swift; sourceTree = "<group>"; };
		D91A238B2387E4FE0050B8A6 /* ShopPresenterProtocol.swift */ = {isa = PBXFileReference; lastKnownFileType = sourcecode.swift; path = ShopPresenterProtocol.swift; sourceTree = "<group>"; };
		D91A238D2387E51D0050B8A6 /* ShopInteractorProtocol.swift */ = {isa = PBXFileReference; lastKnownFileType = sourcecode.swift; path = ShopInteractorProtocol.swift; sourceTree = "<group>"; };
		D91A238F2387E5320050B8A6 /* ShopRouterProtocol.swift */ = {isa = PBXFileReference; lastKnownFileType = sourcecode.swift; path = ShopRouterProtocol.swift; sourceTree = "<group>"; };
		D91A23E8238A36870050B8A6 /* ItemDetailViewProtocol.swift */ = {isa = PBXFileReference; lastKnownFileType = sourcecode.swift; path = ItemDetailViewProtocol.swift; sourceTree = "<group>"; };
		D91A23EA238A44920050B8A6 /* ItemDetailPresenterProtocol.swift */ = {isa = PBXFileReference; lastKnownFileType = sourcecode.swift; path = ItemDetailPresenterProtocol.swift; sourceTree = "<group>"; };
		D91A23EC238A44AD0050B8A6 /* ItemDetailViewController.swift */ = {isa = PBXFileReference; lastKnownFileType = sourcecode.swift; path = ItemDetailViewController.swift; sourceTree = "<group>"; };
		D91A23ED238A44AD0050B8A6 /* ItemDetailViewController.xib */ = {isa = PBXFileReference; lastKnownFileType = file.xib; path = ItemDetailViewController.xib; sourceTree = "<group>"; };
		D91A23F0238A44B80050B8A6 /* ItemDetailPresenter.swift */ = {isa = PBXFileReference; lastKnownFileType = sourcecode.swift; path = ItemDetailPresenter.swift; sourceTree = "<group>"; };
		D91A23F2238A45B60050B8A6 /* ItemDetailRouter.swift */ = {isa = PBXFileReference; lastKnownFileType = sourcecode.swift; path = ItemDetailRouter.swift; sourceTree = "<group>"; };
		D91A23F4238A45C30050B8A6 /* ItemDetailRouterProtocol.swift */ = {isa = PBXFileReference; lastKnownFileType = sourcecode.swift; path = ItemDetailRouterProtocol.swift; sourceTree = "<group>"; };
		D91A23F6238A461C0050B8A6 /* ModuleRouter.swift */ = {isa = PBXFileReference; lastKnownFileType = sourcecode.swift; path = ModuleRouter.swift; sourceTree = "<group>"; };
		D91A2F40237C14E700F71942 /* RxViperShoppingCart.app */ = {isa = PBXFileReference; explicitFileType = wrapper.application; includeInIndex = 0; path = RxViperShoppingCart.app; sourceTree = BUILT_PRODUCTS_DIR; };
		D91A2F43237C14E700F71942 /* AppDelegate.swift */ = {isa = PBXFileReference; lastKnownFileType = sourcecode.swift; path = AppDelegate.swift; sourceTree = "<group>"; };
		D91A2F45237C14E700F71942 /* SceneDelegate.swift */ = {isa = PBXFileReference; lastKnownFileType = sourcecode.swift; path = SceneDelegate.swift; sourceTree = "<group>"; };
		D91A2F4A237C14E700F71942 /* Base */ = {isa = PBXFileReference; lastKnownFileType = file.storyboard; name = Base; path = Base.lproj/Main.storyboard; sourceTree = "<group>"; };
		D91A2F4D237C14E700F71942 /* RxViperShoppingCart.xcdatamodel */ = {isa = PBXFileReference; lastKnownFileType = wrapper.xcdatamodel; path = RxViperShoppingCart.xcdatamodel; sourceTree = "<group>"; };
		D91A2F4F237C14E900F71942 /* Assets.xcassets */ = {isa = PBXFileReference; lastKnownFileType = folder.assetcatalog; path = Assets.xcassets; sourceTree = "<group>"; };
		D91A2F52237C14E900F71942 /* Base */ = {isa = PBXFileReference; lastKnownFileType = file.storyboard; name = Base; path = Base.lproj/LaunchScreen.storyboard; sourceTree = "<group>"; };
		D91A2F54237C14E900F71942 /* Info.plist */ = {isa = PBXFileReference; lastKnownFileType = text.plist.xml; path = Info.plist; sourceTree = "<group>"; };
		D91A2F59237C14E900F71942 /* RxViperShoppingCartTests.xctest */ = {isa = PBXFileReference; explicitFileType = wrapper.cfbundle; includeInIndex = 0; path = RxViperShoppingCartTests.xctest; sourceTree = BUILT_PRODUCTS_DIR; };
		D91A2F5D237C14E900F71942 /* RxViperShoppingCartTests.swift */ = {isa = PBXFileReference; lastKnownFileType = sourcecode.swift; path = RxViperShoppingCartTests.swift; sourceTree = "<group>"; };
		D91A2F5F237C14E900F71942 /* Info.plist */ = {isa = PBXFileReference; lastKnownFileType = text.plist.xml; path = Info.plist; sourceTree = "<group>"; };
		D91A2F64237C14E900F71942 /* RxViperShoppingCartUITests.xctest */ = {isa = PBXFileReference; explicitFileType = wrapper.cfbundle; includeInIndex = 0; path = RxViperShoppingCartUITests.xctest; sourceTree = BUILT_PRODUCTS_DIR; };
		D91A2F68237C14E900F71942 /* RxViperShoppingCartUITests.swift */ = {isa = PBXFileReference; lastKnownFileType = sourcecode.swift; path = RxViperShoppingCartUITests.swift; sourceTree = "<group>"; };
		D91A2F6A237C14E900F71942 /* Info.plist */ = {isa = PBXFileReference; lastKnownFileType = text.plist.xml; path = Info.plist; sourceTree = "<group>"; };
		D91A2F7B237C501200F71942 /* ShopViewController.swift */ = {isa = PBXFileReference; lastKnownFileType = sourcecode.swift; path = ShopViewController.swift; sourceTree = "<group>"; };
		D91A2F7C237C501200F71942 /* ShopViewController.xib */ = {isa = PBXFileReference; lastKnownFileType = file.xib; path = ShopViewController.xib; sourceTree = "<group>"; };
		D91A2F83237C531B00F71942 /* ShopInteractor.swift */ = {isa = PBXFileReference; lastKnownFileType = sourcecode.swift; path = ShopInteractor.swift; sourceTree = "<group>"; };
		D91A2F85237C532D00F71942 /* ShopRouter.swift */ = {isa = PBXFileReference; lastKnownFileType = sourcecode.swift; path = ShopRouter.swift; sourceTree = "<group>"; };
		D91A2F88237C536D00F71942 /* CartItem.swift */ = {isa = PBXFileReference; fileEncoding = 4; lastKnownFileType = sourcecode.swift; path = CartItem.swift; sourceTree = "<group>"; };
		D91A2F89237C536D00F71942 /* ShopItem.swift */ = {isa = PBXFileReference; fileEncoding = 4; lastKnownFileType = sourcecode.swift; path = ShopItem.swift; sourceTree = "<group>"; };
		D91A2F8D237C5EAE00F71942 /* ShopPresenter.swift */ = {isa = PBXFileReference; lastKnownFileType = sourcecode.swift; path = ShopPresenter.swift; sourceTree = "<group>"; };
		D95B220B2381B95A00A68CB2 /* ItemTableViewCellProtocols.swift */ = {isa = PBXFileReference; lastKnownFileType = sourcecode.swift; path = ItemTableViewCellProtocols.swift; sourceTree = "<group>"; };
		D95B220E2381B9A700A68CB2 /* ItemTableViewCellRouter.swift */ = {isa = PBXFileReference; lastKnownFileType = sourcecode.swift; path = ItemTableViewCellRouter.swift; sourceTree = "<group>"; };
		D95B22182381BB0C00A68CB2 /* CartModuleProtocols.swift */ = {isa = PBXFileReference; lastKnownFileType = sourcecode.swift; path = CartModuleProtocols.swift; sourceTree = "<group>"; };
		D95B221A2381BB1D00A68CB2 /* CartViewController.swift */ = {isa = PBXFileReference; lastKnownFileType = sourcecode.swift; path = CartViewController.swift; sourceTree = "<group>"; };
		D95B221B2381BB1D00A68CB2 /* CartViewController.xib */ = {isa = PBXFileReference; lastKnownFileType = file.xib; path = CartViewController.xib; sourceTree = "<group>"; };
		D95B221E2381BB5E00A68CB2 /* CartInteractor.swift */ = {isa = PBXFileReference; lastKnownFileType = sourcecode.swift; path = CartInteractor.swift; sourceTree = "<group>"; };
		D95B22202381BB7E00A68CB2 /* CartPresenter.swift */ = {isa = PBXFileReference; lastKnownFileType = sourcecode.swift; path = CartPresenter.swift; sourceTree = "<group>"; };
		D95B22222381BB9600A68CB2 /* CartRouter.swift */ = {isa = PBXFileReference; lastKnownFileType = sourcecode.swift; path = CartRouter.swift; sourceTree = "<group>"; };
		D9FCFAF4237E7BAA00C96E76 /* PurchaseServiceImpl.swift */ = {isa = PBXFileReference; fileEncoding = 4; lastKnownFileType = sourcecode.swift; path = PurchaseServiceImpl.swift; sourceTree = "<group>"; };
		D9FCFAF5237E7BAA00C96E76 /* ShopDataSourceImpl.swift */ = {isa = PBXFileReference; fileEncoding = 4; lastKnownFileType = sourcecode.swift; path = ShopDataSourceImpl.swift; sourceTree = "<group>"; };
		D9FCFAF6237E7BAA00C96E76 /* Cart.swift */ = {isa = PBXFileReference; fileEncoding = 4; lastKnownFileType = sourcecode.swift; path = Cart.swift; sourceTree = "<group>"; };
		D9FCFAF8237E7BAA00C96E76 /* CartService.swift */ = {isa = PBXFileReference; fileEncoding = 4; lastKnownFileType = sourcecode.swift; path = CartService.swift; sourceTree = "<group>"; };
		D9FCFAF9237E7BAA00C96E76 /* PurchaseService.swift */ = {isa = PBXFileReference; fileEncoding = 4; lastKnownFileType = sourcecode.swift; path = PurchaseService.swift; sourceTree = "<group>"; };
		D9FCFAFA237E7BAA00C96E76 /* ShopDataSource.swift */ = {isa = PBXFileReference; fileEncoding = 4; lastKnownFileType = sourcecode.swift; path = ShopDataSource.swift; sourceTree = "<group>"; };
		D9FCFB03237E7C0900C96E76 /* CartServiceAssembler.swift */ = {isa = PBXFileReference; fileEncoding = 4; lastKnownFileType = sourcecode.swift; path = CartServiceAssembler.swift; sourceTree = "<group>"; };
		D9FCFB04237E7C0900C96E76 /* ShopDataSourceAssembler.swift */ = {isa = PBXFileReference; fileEncoding = 4; lastKnownFileType = sourcecode.swift; path = ShopDataSourceAssembler.swift; sourceTree = "<group>"; };
		D9FCFB05237E7C0900C96E76 /* PurchaseServiceAssembler.swift */ = {isa = PBXFileReference; fileEncoding = 4; lastKnownFileType = sourcecode.swift; path = PurchaseServiceAssembler.swift; sourceTree = "<group>"; };
		D9FCFB0C237E7DE900C96E76 /* PurchaseResult.swift */ = {isa = PBXFileReference; fileEncoding = 4; lastKnownFileType = sourcecode.swift; path = PurchaseResult.swift; sourceTree = "<group>"; };
		D9FCFB1A237E823A00C96E76 /* ItemTableViewCell.xib */ = {isa = PBXFileReference; fileEncoding = 4; lastKnownFileType = file.xib; path = ItemTableViewCell.xib; sourceTree = "<group>"; };
		D9FCFB1B237E823A00C96E76 /* ItemTableViewCell.swift */ = {isa = PBXFileReference; fileEncoding = 4; lastKnownFileType = sourcecode.swift; path = ItemTableViewCell.swift; sourceTree = "<group>"; };
		D9FCFB22237E82D600C96E76 /* ItemTableViewCellInteractor.swift */ = {isa = PBXFileReference; lastKnownFileType = sourcecode.swift; path = ItemTableViewCellInteractor.swift; sourceTree = "<group>"; };
		D9FCFB24237E832800C96E76 /* ItemTableViewCellPresenter.swift */ = {isa = PBXFileReference; lastKnownFileType = sourcecode.swift; path = ItemTableViewCellPresenter.swift; sourceTree = "<group>"; };
		D9FCFB26237E9C5500C96E76 /* Constants.swift */ = {isa = PBXFileReference; lastKnownFileType = sourcecode.swift; path = Constants.swift; sourceTree = "<group>"; };
		D9FCFB28237F0BAC00C96E76 /* ShopInteractorAssembler.swift */ = {isa = PBXFileReference; lastKnownFileType = sourcecode.swift; path = ShopInteractorAssembler.swift; sourceTree = "<group>"; };
		E0FD09643584217C4ADFBE28 /* Pods-RxViperShoppingCart.release.xcconfig */ = {isa = PBXFileReference; includeInIndex = 1; lastKnownFileType = text.xcconfig; name = "Pods-RxViperShoppingCart.release.xcconfig"; path = "Target Support Files/Pods-RxViperShoppingCart/Pods-RxViperShoppingCart.release.xcconfig"; sourceTree = "<group>"; };
/* End PBXFileReference section */

/* Begin PBXFrameworksBuildPhase section */
		D91A2F3D237C14E700F71942 /* Frameworks */ = {
			isa = PBXFrameworksBuildPhase;
			buildActionMask = 2147483647;
			files = (
				5DB2163AA1408D80BF5A8EEF /* Pods_RxViperShoppingCart.framework in Frameworks */,
			);
			runOnlyForDeploymentPostprocessing = 0;
		};
		D91A2F56237C14E900F71942 /* Frameworks */ = {
			isa = PBXFrameworksBuildPhase;
			buildActionMask = 2147483647;
			files = (
				F51B9670BB89AF2472B53EAB /* Pods_RxViperShoppingCartTests.framework in Frameworks */,
			);
			runOnlyForDeploymentPostprocessing = 0;
		};
		D91A2F61237C14E900F71942 /* Frameworks */ = {
			isa = PBXFrameworksBuildPhase;
			buildActionMask = 2147483647;
			files = (
				B384F88DBB37BC70D8301469 /* Pods_RxViperShoppingCartUITests.framework in Frameworks */,
			);
			runOnlyForDeploymentPostprocessing = 0;
		};
/* End PBXFrameworksBuildPhase section */

/* Begin PBXGroup section */
		59C13EF0E9941351D1C4DC51 /* Pods */ = {
			isa = PBXGroup;
			children = (
				C98319E2A6FA6AC28B91D92B /* Pods-RxViperShoppingCart.debug.xcconfig */,
				E0FD09643584217C4ADFBE28 /* Pods-RxViperShoppingCart.release.xcconfig */,
				B81F10B29E6CDB4A4D3F3127 /* Pods-RxViperShoppingCartTests.debug.xcconfig */,
				B44C50D75430AC8C857DFFDD /* Pods-RxViperShoppingCartTests.release.xcconfig */,
				3A0AC2921C8DA0860978CEC8 /* Pods-RxViperShoppingCartUITests.debug.xcconfig */,
				9721BA6884DDEC6D91C477D5 /* Pods-RxViperShoppingCartUITests.release.xcconfig */,
			);
			path = Pods;
			sourceTree = "<group>";
		};
		D91A23E2238A36070050B8A6 /* ItemDetail */ = {
			isa = PBXGroup;
			children = (
				D91A23E3238A36230050B8A6 /* Protocols */,
				D91A23E7238A364E0050B8A6 /* View */,
				D91A23E5238A36430050B8A6 /* Presenter */,
				D91A23E6238A36480050B8A6 /* Interactor */,
				D91A23E4238A363C0050B8A6 /* Router */,
			);
			path = ItemDetail;
			sourceTree = "<group>";
		};
		D91A23E3238A36230050B8A6 /* Protocols */ = {
			isa = PBXGroup;
			children = (
				D91A23E8238A36870050B8A6 /* ItemDetailViewProtocol.swift */,
				D91A23EA238A44920050B8A6 /* ItemDetailPresenterProtocol.swift */,
				D91A23F4238A45C30050B8A6 /* ItemDetailRouterProtocol.swift */,
			);
			path = Protocols;
			sourceTree = "<group>";
		};
		D91A23E4238A363C0050B8A6 /* Router */ = {
			isa = PBXGroup;
			children = (
				D91A23F2238A45B60050B8A6 /* ItemDetailRouter.swift */,
			);
			path = Router;
			sourceTree = "<group>";
		};
		D91A23E5238A36430050B8A6 /* Presenter */ = {
			isa = PBXGroup;
			children = (
				D91A23F0238A44B80050B8A6 /* ItemDetailPresenter.swift */,
			);
			path = Presenter;
			sourceTree = "<group>";
		};
		D91A23E6238A36480050B8A6 /* Interactor */ = {
			isa = PBXGroup;
			children = (
			);
			path = Interactor;
			sourceTree = "<group>";
		};
		D91A23E7238A364E0050B8A6 /* View */ = {
			isa = PBXGroup;
			children = (
				D91A23EC238A44AD0050B8A6 /* ItemDetailViewController.swift */,
				D91A23ED238A44AD0050B8A6 /* ItemDetailViewController.xib */,
			);
			path = View;
			sourceTree = "<group>";
		};
		D91A2F37237C14E700F71942 = {
			isa = PBXGroup;
			children = (
				D91A2F42237C14E700F71942 /* RxViperShoppingCart */,
				D91A2F5C237C14E900F71942 /* RxViperShoppingCartTests */,
				D91A2F67237C14E900F71942 /* RxViperShoppingCartUITests */,
				D91A2F41237C14E700F71942 /* Products */,
				59C13EF0E9941351D1C4DC51 /* Pods */,
				FF6FBF38DC7F517BC624C4AA /* Frameworks */,
			);
			sourceTree = "<group>";
		};
		D91A2F41237C14E700F71942 /* Products */ = {
			isa = PBXGroup;
			children = (
				D91A2F40237C14E700F71942 /* RxViperShoppingCart.app */,
				D91A2F59237C14E900F71942 /* RxViperShoppingCartTests.xctest */,
				D91A2F64237C14E900F71942 /* RxViperShoppingCartUITests.xctest */,
			);
			name = Products;
			sourceTree = "<group>";
		};
		D91A2F42237C14E700F71942 /* RxViperShoppingCart */ = {
			isa = PBXGroup;
			children = (
				D91A2F43237C14E700F71942 /* AppDelegate.swift */,
				D91A2F45237C14E700F71942 /* SceneDelegate.swift */,
				D9FCFB26237E9C5500C96E76 /* Constants.swift */,
				D91A23F6238A461C0050B8A6 /* ModuleRouter.swift */,
				D9FCFB10237E823A00C96E76 /* UIComponents */,
				D9FCFB01237E7C0100C96E76 /* Assemblers */,
				D9FCFAF2237E7BAA00C96E76 /* Services */,
				D91A2F87237C534200F71942 /* Entities */,
				D91A2F76237C4FA900F71942 /* Modules */,
				D91A2F49237C14E700F71942 /* Main.storyboard */,
				D91A2F4F237C14E900F71942 /* Assets.xcassets */,
				D91A2F51237C14E900F71942 /* LaunchScreen.storyboard */,
				D91A2F54237C14E900F71942 /* Info.plist */,
				D91A2F4C237C14E700F71942 /* RxViperShoppingCart.xcdatamodeld */,
			);
			path = RxViperShoppingCart;
			sourceTree = "<group>";
		};
		D91A2F5C237C14E900F71942 /* RxViperShoppingCartTests */ = {
			isa = PBXGroup;
			children = (
				D91A2F5D237C14E900F71942 /* RxViperShoppingCartTests.swift */,
				D91A238223841E1A0050B8A6 /* CartTests.swift */,
				D91A2F5F237C14E900F71942 /* Info.plist */,
			);
			path = RxViperShoppingCartTests;
			sourceTree = "<group>";
		};
		D91A2F67237C14E900F71942 /* RxViperShoppingCartUITests */ = {
			isa = PBXGroup;
			children = (
				D91A2F68237C14E900F71942 /* RxViperShoppingCartUITests.swift */,
				D91A2F6A237C14E900F71942 /* Info.plist */,
			);
			path = RxViperShoppingCartUITests;
			sourceTree = "<group>";
		};
		D91A2F76237C4FA900F71942 /* Modules */ = {
			isa = PBXGroup;
			children = (
				D91A2F77237C4FB100F71942 /* Shop */,
				D91A23E2238A36070050B8A6 /* ItemDetail */,
				D95B22102381BA9800A68CB2 /* Cart */,
			);
			path = Modules;
			sourceTree = "<group>";
		};
		D91A2F77237C4FB100F71942 /* Shop */ = {
			isa = PBXGroup;
			children = (
				D91A2F81237C503000F71942 /* Protocols */,
				D91A2F7F237C501900F71942 /* View */,
				D91A2F80237C502000F71942 /* Interactor */,
				D91A2F8C237C5E9E00F71942 /* Presenter */,
				D91A2F82237C52F500F71942 /* Router */,
			);
			path = Shop;
			sourceTree = "<group>";
		};
		D91A2F7F237C501900F71942 /* View */ = {
			isa = PBXGroup;
			children = (
				D91A2F7B237C501200F71942 /* ShopViewController.swift */,
				D91A2F7C237C501200F71942 /* ShopViewController.xib */,
			);
			path = View;
			sourceTree = "<group>";
		};
		D91A2F80237C502000F71942 /* Interactor */ = {
			isa = PBXGroup;
			children = (
				D91A2F83237C531B00F71942 /* ShopInteractor.swift */,
			);
			path = Interactor;
			sourceTree = "<group>";
		};
		D91A2F81237C503000F71942 /* Protocols */ = {
			isa = PBXGroup;
			children = (
				D91A23892387E4E60050B8A6 /* ShopViewProtocol.swift */,
				D91A238B2387E4FE0050B8A6 /* ShopPresenterProtocol.swift */,
				D91A238D2387E51D0050B8A6 /* ShopInteractorProtocol.swift */,
				D91A238F2387E5320050B8A6 /* ShopRouterProtocol.swift */,
			);
			path = Protocols;
			sourceTree = "<group>";
		};
		D91A2F82237C52F500F71942 /* Router */ = {
			isa = PBXGroup;
			children = (
				D91A2F85237C532D00F71942 /* ShopRouter.swift */,
				D91A2384238721240050B8A6 /* ShopModuleWireFrame.swift */,
			);
			path = Router;
			sourceTree = "<group>";
		};
		D91A2F87237C534200F71942 /* Entities */ = {
			isa = PBXGroup;
			children = (
				D91A2F88237C536D00F71942 /* CartItem.swift */,
				D91A2F89237C536D00F71942 /* ShopItem.swift */,
				D9FCFB0C237E7DE900C96E76 /* PurchaseResult.swift */,
			);
			path = Entities;
			sourceTree = "<group>";
		};
		D91A2F8C237C5E9E00F71942 /* Presenter */ = {
			isa = PBXGroup;
			children = (
				D91A2F8D237C5EAE00F71942 /* ShopPresenter.swift */,
			);
			path = Presenter;
			sourceTree = "<group>";
		};
		D95B220A2381B94900A68CB2 /* Protocols */ = {
			isa = PBXGroup;
			children = (
				D95B220B2381B95A00A68CB2 /* ItemTableViewCellProtocols.swift */,
			);
			path = Protocols;
			sourceTree = "<group>";
		};
		D95B220D2381B99800A68CB2 /* Router */ = {
			isa = PBXGroup;
			children = (
				D95B220E2381B9A700A68CB2 /* ItemTableViewCellRouter.swift */,
			);
			path = Router;
			sourceTree = "<group>";
		};
		D95B22102381BA9800A68CB2 /* Cart */ = {
			isa = PBXGroup;
			children = (
				D95B22172381BAF400A68CB2 /* Protocol */,
				D95B22162381BACA00A68CB2 /* View */,
				D95B22152381BAC500A68CB2 /* Interactor */,
				D95B22142381BABF00A68CB2 /* Presenter */,
				D95B22132381BAB400A68CB2 /* Router */,
			);
			path = Cart;
			sourceTree = "<group>";
		};
		D95B22132381BAB400A68CB2 /* Router */ = {
			isa = PBXGroup;
			children = (
				D95B22222381BB9600A68CB2 /* CartRouter.swift */,
			);
			path = Router;
			sourceTree = "<group>";
		};
		D95B22142381BABF00A68CB2 /* Presenter */ = {
			isa = PBXGroup;
			children = (
				D95B22202381BB7E00A68CB2 /* CartPresenter.swift */,
			);
			path = Presenter;
			sourceTree = "<group>";
		};
		D95B22152381BAC500A68CB2 /* Interactor */ = {
			isa = PBXGroup;
			children = (
				D95B221E2381BB5E00A68CB2 /* CartInteractor.swift */,
			);
			path = Interactor;
			sourceTree = "<group>";
		};
		D95B22162381BACA00A68CB2 /* View */ = {
			isa = PBXGroup;
			children = (
				D95B221A2381BB1D00A68CB2 /* CartViewController.swift */,
				D95B221B2381BB1D00A68CB2 /* CartViewController.xib */,
			);
			path = View;
			sourceTree = "<group>";
		};
		D95B22172381BAF400A68CB2 /* Protocol */ = {
			isa = PBXGroup;
			children = (
				D95B22182381BB0C00A68CB2 /* CartModuleProtocols.swift */,
			);
			path = Protocol;
			sourceTree = "<group>";
		};
		D9FCFAF2237E7BAA00C96E76 /* Services */ = {
			isa = PBXGroup;
			children = (
				D9FCFAF7237E7BAA00C96E76 /* Protocols */,
				D9FCFAF3237E7BAA00C96E76 /* Implementations */,
			);
			path = Services;
			sourceTree = "<group>";
		};
		D9FCFAF3237E7BAA00C96E76 /* Implementations */ = {
			isa = PBXGroup;
			children = (
				D9FCFAF4237E7BAA00C96E76 /* PurchaseServiceImpl.swift */,
				D9FCFAF5237E7BAA00C96E76 /* ShopDataSourceImpl.swift */,
				D9FCFAF6237E7BAA00C96E76 /* Cart.swift */,
			);
			path = Implementations;
			sourceTree = "<group>";
		};
		D9FCFAF7237E7BAA00C96E76 /* Protocols */ = {
			isa = PBXGroup;
			children = (
				D9FCFAF8237E7BAA00C96E76 /* CartService.swift */,
				D9FCFAF9237E7BAA00C96E76 /* PurchaseService.swift */,
				D9FCFAFA237E7BAA00C96E76 /* ShopDataSource.swift */,
			);
			path = Protocols;
			sourceTree = "<group>";
		};
		D9FCFB01237E7C0100C96E76 /* Assemblers */ = {
			isa = PBXGroup;
			children = (
				D9FCFB02237E7C0900C96E76 /* Services */,
				D9FCFB28237F0BAC00C96E76 /* ShopInteractorAssembler.swift */,
				D91A23802382E5B70050B8A6 /* CartInteractorAssembler.swift */,
			);
			path = Assemblers;
			sourceTree = "<group>";
		};
		D9FCFB02237E7C0900C96E76 /* Services */ = {
			isa = PBXGroup;
			children = (
				D9FCFB03237E7C0900C96E76 /* CartServiceAssembler.swift */,
				D9FCFB04237E7C0900C96E76 /* ShopDataSourceAssembler.swift */,
				D9FCFB05237E7C0900C96E76 /* PurchaseServiceAssembler.swift */,
			);
			path = Services;
			sourceTree = "<group>";
		};
		D9FCFB10237E823A00C96E76 /* UIComponents */ = {
			isa = PBXGroup;
			children = (
				D9FCFB11237E823A00C96E76 /* ItemTableViewCell */,
			);
			path = UIComponents;
			sourceTree = "<group>";
		};
		D9FCFB11237E823A00C96E76 /* ItemTableViewCell */ = {
			isa = PBXGroup;
			children = (
				D95B220A2381B94900A68CB2 /* Protocols */,
				D9FCFB19237E823A00C96E76 /* View */,
				D9FCFB12237E823A00C96E76 /* Interactor */,
				D9FCFB14237E823A00C96E76 /* Presenter */,
				D95B220D2381B99800A68CB2 /* Router */,
			);
			path = ItemTableViewCell;
			sourceTree = "<group>";
		};
		D9FCFB12237E823A00C96E76 /* Interactor */ = {
			isa = PBXGroup;
			children = (
				D9FCFB22237E82D600C96E76 /* ItemTableViewCellInteractor.swift */,
			);
			path = Interactor;
			sourceTree = "<group>";
		};
		D9FCFB14237E823A00C96E76 /* Presenter */ = {
			isa = PBXGroup;
			children = (
				D9FCFB24237E832800C96E76 /* ItemTableViewCellPresenter.swift */,
			);
			path = Presenter;
			sourceTree = "<group>";
		};
		D9FCFB19237E823A00C96E76 /* View */ = {
			isa = PBXGroup;
			children = (
				D9FCFB1A237E823A00C96E76 /* ItemTableViewCell.xib */,
				D9FCFB1B237E823A00C96E76 /* ItemTableViewCell.swift */,
			);
			path = View;
			sourceTree = "<group>";
		};
		FF6FBF38DC7F517BC624C4AA /* Frameworks */ = {
			isa = PBXGroup;
			children = (
				553F1D2E4148B292EC13376E /* Pods_RxViperShoppingCart.framework */,
				4A4E3EC92A8768559CFBDE8B /* Pods_RxViperShoppingCartTests.framework */,
				5D2CA33C4B256A2ABD575E26 /* Pods_RxViperShoppingCartUITests.framework */,
			);
			name = Frameworks;
			sourceTree = "<group>";
		};
/* End PBXGroup section */

/* Begin PBXNativeTarget section */
		D91A2F3F237C14E700F71942 /* RxViperShoppingCart */ = {
			isa = PBXNativeTarget;
			buildConfigurationList = D91A2F6D237C14E900F71942 /* Build configuration list for PBXNativeTarget "RxViperShoppingCart" */;
			buildPhases = (
				53A8A94D380F4B0629BC3FAE /* [CP] Check Pods Manifest.lock */,
				D91A2F3C237C14E700F71942 /* Sources */,
				D91A2F3D237C14E700F71942 /* Frameworks */,
				D91A2F3E237C14E700F71942 /* Resources */,
				7854036D01F6FF1E69C9B397 /* [CP] Embed Pods Frameworks */,
			);
			buildRules = (
			);
			dependencies = (
			);
			name = RxViperShoppingCart;
			productName = RxViperShoppingCart;
			productReference = D91A2F40237C14E700F71942 /* RxViperShoppingCart.app */;
			productType = "com.apple.product-type.application";
		};
		D91A2F58237C14E900F71942 /* RxViperShoppingCartTests */ = {
			isa = PBXNativeTarget;
			buildConfigurationList = D91A2F70237C14E900F71942 /* Build configuration list for PBXNativeTarget "RxViperShoppingCartTests" */;
			buildPhases = (
				3A9F46B886754D4908635153 /* [CP] Check Pods Manifest.lock */,
				D91A2F55237C14E900F71942 /* Sources */,
				D91A2F56237C14E900F71942 /* Frameworks */,
				D91A2F57237C14E900F71942 /* Resources */,
				82BD02B0C445BFE956A827A1 /* [CP] Embed Pods Frameworks */,
			);
			buildRules = (
			);
			dependencies = (
				D91A2F5B237C14E900F71942 /* PBXTargetDependency */,
			);
			name = RxViperShoppingCartTests;
			productName = RxViperShoppingCartTests;
			productReference = D91A2F59237C14E900F71942 /* RxViperShoppingCartTests.xctest */;
			productType = "com.apple.product-type.bundle.unit-test";
		};
		D91A2F63237C14E900F71942 /* RxViperShoppingCartUITests */ = {
			isa = PBXNativeTarget;
			buildConfigurationList = D91A2F73237C14E900F71942 /* Build configuration list for PBXNativeTarget "RxViperShoppingCartUITests" */;
			buildPhases = (
				B8CA12C9F1AB9229D342F091 /* [CP] Check Pods Manifest.lock */,
				D91A2F60237C14E900F71942 /* Sources */,
				D91A2F61237C14E900F71942 /* Frameworks */,
				D91A2F62237C14E900F71942 /* Resources */,
			);
			buildRules = (
			);
			dependencies = (
				D91A2F66237C14E900F71942 /* PBXTargetDependency */,
			);
			name = RxViperShoppingCartUITests;
			productName = RxViperShoppingCartUITests;
			productReference = D91A2F64237C14E900F71942 /* RxViperShoppingCartUITests.xctest */;
			productType = "com.apple.product-type.bundle.ui-testing";
		};
/* End PBXNativeTarget section */

/* Begin PBXProject section */
		D91A2F38237C14E700F71942 /* Project object */ = {
			isa = PBXProject;
			attributes = {
				LastSwiftUpdateCheck = 1120;
				LastUpgradeCheck = 1120;
				ORGANIZATIONNAME = Zoho;
				TargetAttributes = {
					D91A2F3F237C14E700F71942 = {
						CreatedOnToolsVersion = 11.2;
					};
					D91A2F58237C14E900F71942 = {
						CreatedOnToolsVersion = 11.2;
						TestTargetID = D91A2F3F237C14E700F71942;
					};
					D91A2F63237C14E900F71942 = {
						CreatedOnToolsVersion = 11.2;
						TestTargetID = D91A2F3F237C14E700F71942;
					};
				};
			};
			buildConfigurationList = D91A2F3B237C14E700F71942 /* Build configuration list for PBXProject "RxViperShoppingCart" */;
			compatibilityVersion = "Xcode 9.3";
			developmentRegion = en;
			hasScannedForEncodings = 0;
			knownRegions = (
				en,
				Base,
			);
			mainGroup = D91A2F37237C14E700F71942;
			productRefGroup = D91A2F41237C14E700F71942 /* Products */;
			projectDirPath = "";
			projectRoot = "";
			targets = (
				D91A2F3F237C14E700F71942 /* RxViperShoppingCart */,
				D91A2F58237C14E900F71942 /* RxViperShoppingCartTests */,
				D91A2F63237C14E900F71942 /* RxViperShoppingCartUITests */,
			);
		};
/* End PBXProject section */

/* Begin PBXResourcesBuildPhase section */
		D91A2F3E237C14E700F71942 /* Resources */ = {
			isa = PBXResourcesBuildPhase;
			buildActionMask = 2147483647;
			files = (
				D91A2F7E237C501200F71942 /* ShopViewController.xib in Resources */,
				D91A2F53237C14E900F71942 /* LaunchScreen.storyboard in Resources */,
				D95B221D2381BB1D00A68CB2 /* CartViewController.xib in Resources */,
				D91A2F50237C14E900F71942 /* Assets.xcassets in Resources */,
				D9FCFB20237E823A00C96E76 /* ItemTableViewCell.xib in Resources */,
				D91A2F4B237C14E700F71942 /* Main.storyboard in Resources */,
				D91A23EF238A44AD0050B8A6 /* ItemDetailViewController.xib in Resources */,
			);
			runOnlyForDeploymentPostprocessing = 0;
		};
		D91A2F57237C14E900F71942 /* Resources */ = {
			isa = PBXResourcesBuildPhase;
			buildActionMask = 2147483647;
			files = (
			);
			runOnlyForDeploymentPostprocessing = 0;
		};
		D91A2F62237C14E900F71942 /* Resources */ = {
			isa = PBXResourcesBuildPhase;
			buildActionMask = 2147483647;
			files = (
			);
			runOnlyForDeploymentPostprocessing = 0;
		};
/* End PBXResourcesBuildPhase section */

/* Begin PBXShellScriptBuildPhase section */
		3A9F46B886754D4908635153 /* [CP] Check Pods Manifest.lock */ = {
			isa = PBXShellScriptBuildPhase;
			buildActionMask = 2147483647;
			files = (
			);
			inputFileListPaths = (
			);
			inputPaths = (
				"${PODS_PODFILE_DIR_PATH}/Podfile.lock",
				"${PODS_ROOT}/Manifest.lock",
			);
			name = "[CP] Check Pods Manifest.lock";
			outputFileListPaths = (
			);
			outputPaths = (
				"$(DERIVED_FILE_DIR)/Pods-RxViperShoppingCartTests-checkManifestLockResult.txt",
			);
			runOnlyForDeploymentPostprocessing = 0;
			shellPath = /bin/sh;
			shellScript = "diff \"${PODS_PODFILE_DIR_PATH}/Podfile.lock\" \"${PODS_ROOT}/Manifest.lock\" > /dev/null\nif [ $? != 0 ] ; then\n    # print error to STDERR\n    echo \"error: The sandbox is not in sync with the Podfile.lock. Run 'pod install' or update your CocoaPods installation.\" >&2\n    exit 1\nfi\n# This output is used by Xcode 'outputs' to avoid re-running this script phase.\necho \"SUCCESS\" > \"${SCRIPT_OUTPUT_FILE_0}\"\n";
			showEnvVarsInLog = 0;
		};
		53A8A94D380F4B0629BC3FAE /* [CP] Check Pods Manifest.lock */ = {
			isa = PBXShellScriptBuildPhase;
			buildActionMask = 2147483647;
			files = (
			);
			inputFileListPaths = (
			);
			inputPaths = (
				"${PODS_PODFILE_DIR_PATH}/Podfile.lock",
				"${PODS_ROOT}/Manifest.lock",
			);
			name = "[CP] Check Pods Manifest.lock";
			outputFileListPaths = (
			);
			outputPaths = (
				"$(DERIVED_FILE_DIR)/Pods-RxViperShoppingCart-checkManifestLockResult.txt",
			);
			runOnlyForDeploymentPostprocessing = 0;
			shellPath = /bin/sh;
			shellScript = "diff \"${PODS_PODFILE_DIR_PATH}/Podfile.lock\" \"${PODS_ROOT}/Manifest.lock\" > /dev/null\nif [ $? != 0 ] ; then\n    # print error to STDERR\n    echo \"error: The sandbox is not in sync with the Podfile.lock. Run 'pod install' or update your CocoaPods installation.\" >&2\n    exit 1\nfi\n# This output is used by Xcode 'outputs' to avoid re-running this script phase.\necho \"SUCCESS\" > \"${SCRIPT_OUTPUT_FILE_0}\"\n";
			showEnvVarsInLog = 0;
		};
		7854036D01F6FF1E69C9B397 /* [CP] Embed Pods Frameworks */ = {
			isa = PBXShellScriptBuildPhase;
			buildActionMask = 2147483647;
			files = (
			);
			inputFileListPaths = (
				"${PODS_ROOT}/Target Support Files/Pods-RxViperShoppingCart/Pods-RxViperShoppingCart-frameworks-${CONFIGURATION}-input-files.xcfilelist",
			);
			name = "[CP] Embed Pods Frameworks";
			outputFileListPaths = (
				"${PODS_ROOT}/Target Support Files/Pods-RxViperShoppingCart/Pods-RxViperShoppingCart-frameworks-${CONFIGURATION}-output-files.xcfilelist",
			);
			runOnlyForDeploymentPostprocessing = 0;
			shellPath = /bin/sh;
			shellScript = "\"${PODS_ROOT}/Target Support Files/Pods-RxViperShoppingCart/Pods-RxViperShoppingCart-frameworks.sh\"\n";
			showEnvVarsInLog = 0;
		};
		82BD02B0C445BFE956A827A1 /* [CP] Embed Pods Frameworks */ = {
			isa = PBXShellScriptBuildPhase;
			buildActionMask = 2147483647;
			files = (
			);
			inputFileListPaths = (
				"${PODS_ROOT}/Target Support Files/Pods-RxViperShoppingCartTests/Pods-RxViperShoppingCartTests-frameworks-${CONFIGURATION}-input-files.xcfilelist",
			);
			name = "[CP] Embed Pods Frameworks";
			outputFileListPaths = (
				"${PODS_ROOT}/Target Support Files/Pods-RxViperShoppingCartTests/Pods-RxViperShoppingCartTests-frameworks-${CONFIGURATION}-output-files.xcfilelist",
			);
			runOnlyForDeploymentPostprocessing = 0;
			shellPath = /bin/sh;
			shellScript = "\"${PODS_ROOT}/Target Support Files/Pods-RxViperShoppingCartTests/Pods-RxViperShoppingCartTests-frameworks.sh\"\n";
			showEnvVarsInLog = 0;
		};
		B8CA12C9F1AB9229D342F091 /* [CP] Check Pods Manifest.lock */ = {
			isa = PBXShellScriptBuildPhase;
			buildActionMask = 2147483647;
			files = (
			);
			inputFileListPaths = (
			);
			inputPaths = (
				"${PODS_PODFILE_DIR_PATH}/Podfile.lock",
				"${PODS_ROOT}/Manifest.lock",
			);
			name = "[CP] Check Pods Manifest.lock";
			outputFileListPaths = (
			);
			outputPaths = (
				"$(DERIVED_FILE_DIR)/Pods-RxViperShoppingCartUITests-checkManifestLockResult.txt",
			);
			runOnlyForDeploymentPostprocessing = 0;
			shellPath = /bin/sh;
			shellScript = "diff \"${PODS_PODFILE_DIR_PATH}/Podfile.lock\" \"${PODS_ROOT}/Manifest.lock\" > /dev/null\nif [ $? != 0 ] ; then\n    # print error to STDERR\n    echo \"error: The sandbox is not in sync with the Podfile.lock. Run 'pod install' or update your CocoaPods installation.\" >&2\n    exit 1\nfi\n# This output is used by Xcode 'outputs' to avoid re-running this script phase.\necho \"SUCCESS\" > \"${SCRIPT_OUTPUT_FILE_0}\"\n";
			showEnvVarsInLog = 0;
		};
/* End PBXShellScriptBuildPhase section */

/* Begin PBXSourcesBuildPhase section */
		D91A2F3C237C14E700F71942 /* Sources */ = {
			isa = PBXSourcesBuildPhase;
			buildActionMask = 2147483647;
			files = (
				D91A2385238721240050B8A6 /* ShopModuleWireFrame.swift in Sources */,
				D91A2F8E237C5EAE00F71942 /* ShopPresenter.swift in Sources */,
				D91A2F84237C531B00F71942 /* ShopInteractor.swift in Sources */,
				D95B22232381BB9600A68CB2 /* CartRouter.swift in Sources */,
				D95B220F2381B9A700A68CB2 /* ItemTableViewCellRouter.swift in Sources */,
				D9FCFB06237E7C0900C96E76 /* CartServiceAssembler.swift in Sources */,
				D91A23E9238A36870050B8A6 /* ItemDetailViewProtocol.swift in Sources */,
				D91A238C2387E4FE0050B8A6 /* ShopPresenterProtocol.swift in Sources */,
				D9FCFB29237F0BAC00C96E76 /* ShopInteractorAssembler.swift in Sources */,
				D91A2F86237C532D00F71942 /* ShopRouter.swift in Sources */,
				D91A23EE238A44AD0050B8A6 /* ItemDetailViewController.swift in Sources */,
				D95B221F2381BB5E00A68CB2 /* CartInteractor.swift in Sources */,
				D91A23F7238A461C0050B8A6 /* ModuleRouter.swift in Sources */,
				D91A23902387E5320050B8A6 /* ShopRouterProtocol.swift in Sources */,
				D9FCFAFD237E7BAA00C96E76 /* Cart.swift in Sources */,
				D95B22212381BB7E00A68CB2 /* CartPresenter.swift in Sources */,
				D9FCFB00237E7BAA00C96E76 /* ShopDataSource.swift in Sources */,
				D91A23F3238A45B60050B8A6 /* ItemDetailRouter.swift in Sources */,
				D9FCFB21237E823A00C96E76 /* ItemTableViewCell.swift in Sources */,
				D9FCFB08237E7C0900C96E76 /* PurchaseServiceAssembler.swift in Sources */,
				D91A2F8A237C536D00F71942 /* CartItem.swift in Sources */,
				D9FCFB27237E9C5500C96E76 /* Constants.swift in Sources */,
				D91A238E2387E51D0050B8A6 /* ShopInteractorProtocol.swift in Sources */,
				D95B221C2381BB1D00A68CB2 /* CartViewController.swift in Sources */,
				D91A23F5238A45C30050B8A6 /* ItemDetailRouterProtocol.swift in Sources */,
				D91A2F4E237C14E700F71942 /* RxViperShoppingCart.xcdatamodeld in Sources */,
				D9FCFAFE237E7BAA00C96E76 /* CartService.swift in Sources */,
				D9FCFB23237E82D600C96E76 /* ItemTableViewCellInteractor.swift in Sources */,
				D9FCFB25237E832800C96E76 /* ItemTableViewCellPresenter.swift in Sources */,
				D9FCFAFF237E7BAA00C96E76 /* PurchaseService.swift in Sources */,
				D9FCFB0F237E7DE900C96E76 /* PurchaseResult.swift in Sources */,
				D95B220C2381B95A00A68CB2 /* ItemTableViewCellProtocols.swift in Sources */,
				D9FCFAFC237E7BAA00C96E76 /* ShopDataSourceImpl.swift in Sources */,
				D91A2F8B237C536D00F71942 /* ShopItem.swift in Sources */,
				D9FCFB07237E7C0900C96E76 /* ShopDataSourceAssembler.swift in Sources */,
				D91A23EB238A44920050B8A6 /* ItemDetailPresenterProtocol.swift in Sources */,
				D9FCFAFB237E7BAA00C96E76 /* PurchaseServiceImpl.swift in Sources */,
				D91A2F7D237C501200F71942 /* ShopViewController.swift in Sources */,
				D91A23812382E5B70050B8A6 /* CartInteractorAssembler.swift in Sources */,
				D91A238A2387E4E60050B8A6 /* ShopViewProtocol.swift in Sources */,
				D95B22192381BB0C00A68CB2 /* CartModuleProtocols.swift in Sources */,
				D91A23F1238A44B80050B8A6 /* ItemDetailPresenter.swift in Sources */,
				D91A2F44237C14E700F71942 /* AppDelegate.swift in Sources */,
				D91A2F46237C14E700F71942 /* SceneDelegate.swift in Sources */,
			);
			runOnlyForDeploymentPostprocessing = 0;
		};
		D91A2F55237C14E900F71942 /* Sources */ = {
			isa = PBXSourcesBuildPhase;
			buildActionMask = 2147483647;
			files = (
				D91A2F5E237C14E900F71942 /* RxViperShoppingCartTests.swift in Sources */,
				D91A238323841E1A0050B8A6 /* CartTests.swift in Sources */,
			);
			runOnlyForDeploymentPostprocessing = 0;
		};
		D91A2F60237C14E900F71942 /* Sources */ = {
			isa = PBXSourcesBuildPhase;
			buildActionMask = 2147483647;
			files = (
				D91A2F69237C14E900F71942 /* RxViperShoppingCartUITests.swift in Sources */,
			);
			runOnlyForDeploymentPostprocessing = 0;
		};
/* End PBXSourcesBuildPhase section */

/* Begin PBXTargetDependency section */
		D91A2F5B237C14E900F71942 /* PBXTargetDependency */ = {
			isa = PBXTargetDependency;
			target = D91A2F3F237C14E700F71942 /* RxViperShoppingCart */;
			targetProxy = D91A2F5A237C14E900F71942 /* PBXContainerItemProxy */;
		};
		D91A2F66237C14E900F71942 /* PBXTargetDependency */ = {
			isa = PBXTargetDependency;
			target = D91A2F3F237C14E700F71942 /* RxViperShoppingCart */;
			targetProxy = D91A2F65237C14E900F71942 /* PBXContainerItemProxy */;
		};
/* End PBXTargetDependency section */

/* Begin PBXVariantGroup section */
		D91A2F49237C14E700F71942 /* Main.storyboard */ = {
			isa = PBXVariantGroup;
			children = (
				D91A2F4A237C14E700F71942 /* Base */,
			);
			name = Main.storyboard;
			sourceTree = "<group>";
		};
		D91A2F51237C14E900F71942 /* LaunchScreen.storyboard */ = {
			isa = PBXVariantGroup;
			children = (
				D91A2F52237C14E900F71942 /* Base */,
			);
			name = LaunchScreen.storyboard;
			sourceTree = "<group>";
		};
/* End PBXVariantGroup section */

/* Begin XCBuildConfiguration section */
		D91A2F6B237C14E900F71942 /* Debug */ = {
			isa = XCBuildConfiguration;
			buildSettings = {
				ALWAYS_SEARCH_USER_PATHS = NO;
				CLANG_ANALYZER_NONNULL = YES;
				CLANG_ANALYZER_NUMBER_OBJECT_CONVERSION = YES_AGGRESSIVE;
				CLANG_CXX_LANGUAGE_STANDARD = "gnu++14";
				CLANG_CXX_LIBRARY = "libc++";
				CLANG_ENABLE_MODULES = YES;
				CLANG_ENABLE_OBJC_ARC = YES;
				CLANG_ENABLE_OBJC_WEAK = YES;
				CLANG_WARN_BLOCK_CAPTURE_AUTORELEASING = YES;
				CLANG_WARN_BOOL_CONVERSION = YES;
				CLANG_WARN_COMMA = YES;
				CLANG_WARN_CONSTANT_CONVERSION = YES;
				CLANG_WARN_DEPRECATED_OBJC_IMPLEMENTATIONS = YES;
				CLANG_WARN_DIRECT_OBJC_ISA_USAGE = YES_ERROR;
				CLANG_WARN_DOCUMENTATION_COMMENTS = YES;
				CLANG_WARN_EMPTY_BODY = YES;
				CLANG_WARN_ENUM_CONVERSION = YES;
				CLANG_WARN_INFINITE_RECURSION = YES;
				CLANG_WARN_INT_CONVERSION = YES;
				CLANG_WARN_NON_LITERAL_NULL_CONVERSION = YES;
				CLANG_WARN_OBJC_IMPLICIT_RETAIN_SELF = YES;
				CLANG_WARN_OBJC_LITERAL_CONVERSION = YES;
				CLANG_WARN_OBJC_ROOT_CLASS = YES_ERROR;
				CLANG_WARN_RANGE_LOOP_ANALYSIS = YES;
				CLANG_WARN_STRICT_PROTOTYPES = YES;
				CLANG_WARN_SUSPICIOUS_MOVE = YES;
				CLANG_WARN_UNGUARDED_AVAILABILITY = YES_AGGRESSIVE;
				CLANG_WARN_UNREACHABLE_CODE = YES;
				CLANG_WARN__DUPLICATE_METHOD_MATCH = YES;
				COPY_PHASE_STRIP = NO;
				DEBUG_INFORMATION_FORMAT = dwarf;
				ENABLE_STRICT_OBJC_MSGSEND = YES;
				ENABLE_TESTABILITY = YES;
				GCC_C_LANGUAGE_STANDARD = gnu11;
				GCC_DYNAMIC_NO_PIC = NO;
				GCC_NO_COMMON_BLOCKS = YES;
				GCC_OPTIMIZATION_LEVEL = 0;
				GCC_PREPROCESSOR_DEFINITIONS = (
					"DEBUG=1",
					"$(inherited)",
				);
				GCC_WARN_64_TO_32_BIT_CONVERSION = YES;
				GCC_WARN_ABOUT_RETURN_TYPE = YES_ERROR;
				GCC_WARN_UNDECLARED_SELECTOR = YES;
				GCC_WARN_UNINITIALIZED_AUTOS = YES_AGGRESSIVE;
				GCC_WARN_UNUSED_FUNCTION = YES;
				GCC_WARN_UNUSED_VARIABLE = YES;
				IPHONEOS_DEPLOYMENT_TARGET = 13.2;
				MTL_ENABLE_DEBUG_INFO = INCLUDE_SOURCE;
				MTL_FAST_MATH = YES;
				ONLY_ACTIVE_ARCH = YES;
				SDKROOT = iphoneos;
				SWIFT_ACTIVE_COMPILATION_CONDITIONS = DEBUG;
				SWIFT_OPTIMIZATION_LEVEL = "-Onone";
			};
			name = Debug;
		};
		D91A2F6C237C14E900F71942 /* Release */ = {
			isa = XCBuildConfiguration;
			buildSettings = {
				ALWAYS_SEARCH_USER_PATHS = NO;
				CLANG_ANALYZER_NONNULL = YES;
				CLANG_ANALYZER_NUMBER_OBJECT_CONVERSION = YES_AGGRESSIVE;
				CLANG_CXX_LANGUAGE_STANDARD = "gnu++14";
				CLANG_CXX_LIBRARY = "libc++";
				CLANG_ENABLE_MODULES = YES;
				CLANG_ENABLE_OBJC_ARC = YES;
				CLANG_ENABLE_OBJC_WEAK = YES;
				CLANG_WARN_BLOCK_CAPTURE_AUTORELEASING = YES;
				CLANG_WARN_BOOL_CONVERSION = YES;
				CLANG_WARN_COMMA = YES;
				CLANG_WARN_CONSTANT_CONVERSION = YES;
				CLANG_WARN_DEPRECATED_OBJC_IMPLEMENTATIONS = YES;
				CLANG_WARN_DIRECT_OBJC_ISA_USAGE = YES_ERROR;
				CLANG_WARN_DOCUMENTATION_COMMENTS = YES;
				CLANG_WARN_EMPTY_BODY = YES;
				CLANG_WARN_ENUM_CONVERSION = YES;
				CLANG_WARN_INFINITE_RECURSION = YES;
				CLANG_WARN_INT_CONVERSION = YES;
				CLANG_WARN_NON_LITERAL_NULL_CONVERSION = YES;
				CLANG_WARN_OBJC_IMPLICIT_RETAIN_SELF = YES;
				CLANG_WARN_OBJC_LITERAL_CONVERSION = YES;
				CLANG_WARN_OBJC_ROOT_CLASS = YES_ERROR;
				CLANG_WARN_RANGE_LOOP_ANALYSIS = YES;
				CLANG_WARN_STRICT_PROTOTYPES = YES;
				CLANG_WARN_SUSPICIOUS_MOVE = YES;
				CLANG_WARN_UNGUARDED_AVAILABILITY = YES_AGGRESSIVE;
				CLANG_WARN_UNREACHABLE_CODE = YES;
				CLANG_WARN__DUPLICATE_METHOD_MATCH = YES;
				COPY_PHASE_STRIP = NO;
				DEBUG_INFORMATION_FORMAT = "dwarf-with-dsym";
				ENABLE_NS_ASSERTIONS = NO;
				ENABLE_STRICT_OBJC_MSGSEND = YES;
				GCC_C_LANGUAGE_STANDARD = gnu11;
				GCC_NO_COMMON_BLOCKS = YES;
				GCC_WARN_64_TO_32_BIT_CONVERSION = YES;
				GCC_WARN_ABOUT_RETURN_TYPE = YES_ERROR;
				GCC_WARN_UNDECLARED_SELECTOR = YES;
				GCC_WARN_UNINITIALIZED_AUTOS = YES_AGGRESSIVE;
				GCC_WARN_UNUSED_FUNCTION = YES;
				GCC_WARN_UNUSED_VARIABLE = YES;
				IPHONEOS_DEPLOYMENT_TARGET = 13.2;
				MTL_ENABLE_DEBUG_INFO = NO;
				MTL_FAST_MATH = YES;
				SDKROOT = iphoneos;
				SWIFT_COMPILATION_MODE = wholemodule;
				SWIFT_OPTIMIZATION_LEVEL = "-O";
				VALIDATE_PRODUCT = YES;
			};
			name = Release;
		};
		D91A2F6E237C14E900F71942 /* Debug */ = {
			isa = XCBuildConfiguration;
			baseConfigurationReference = C98319E2A6FA6AC28B91D92B /* Pods-RxViperShoppingCart.debug.xcconfig */;
			buildSettings = {
				ASSETCATALOG_COMPILER_APPICON_NAME = AppIcon;
				CODE_SIGN_STYLE = Automatic;
				DEVELOPMENT_TEAM = TZ824L8Y37;
				INFOPLIST_FILE = RxViperShoppingCart/Info.plist;
				LD_RUNPATH_SEARCH_PATHS = (
					"$(inherited)",
					"@executable_path/Frameworks",
				);
				PRODUCT_BUNDLE_IDENTIFIER = com.zoho.showdraw.mac.RxViperShoppingCart;
				PRODUCT_NAME = "$(TARGET_NAME)";
				SWIFT_VERSION = 5.0;
				TARGETED_DEVICE_FAMILY = "1,2";
			};
			name = Debug;
		};
		D91A2F6F237C14E900F71942 /* Release */ = {
			isa = XCBuildConfiguration;
			baseConfigurationReference = E0FD09643584217C4ADFBE28 /* Pods-RxViperShoppingCart.release.xcconfig */;
			buildSettings = {
				ASSETCATALOG_COMPILER_APPICON_NAME = AppIcon;
				CODE_SIGN_STYLE = Automatic;
				DEVELOPMENT_TEAM = TZ824L8Y37;
				INFOPLIST_FILE = RxViperShoppingCart/Info.plist;
				LD_RUNPATH_SEARCH_PATHS = (
					"$(inherited)",
					"@executable_path/Frameworks",
				);
				PRODUCT_BUNDLE_IDENTIFIER = com.zoho.showdraw.mac.RxViperShoppingCart;
				PRODUCT_NAME = "$(TARGET_NAME)";
				SWIFT_VERSION = 5.0;
				TARGETED_DEVICE_FAMILY = "1,2";
			};
			name = Release;
		};
		D91A2F71237C14E900F71942 /* Debug */ = {
			isa = XCBuildConfiguration;
			baseConfigurationReference = B81F10B29E6CDB4A4D3F3127 /* Pods-RxViperShoppingCartTests.debug.xcconfig */;
			buildSettings = {
				ALWAYS_EMBED_SWIFT_STANDARD_LIBRARIES = YES;
				BUNDLE_LOADER = "$(TEST_HOST)";
				CODE_SIGN_STYLE = Automatic;
				DEVELOPMENT_TEAM = TZ824L8Y37;
				INFOPLIST_FILE = RxViperShoppingCartTests/Info.plist;
				IPHONEOS_DEPLOYMENT_TARGET = 13.2;
				LD_RUNPATH_SEARCH_PATHS = (
					"$(inherited)",
					"@executable_path/Frameworks",
					"@loader_path/Frameworks",
				);
				PRODUCT_BUNDLE_IDENTIFIER = com.zoho.showdraw.mac.RxViperShoppingCartTests;
				PRODUCT_NAME = "$(TARGET_NAME)";
				SWIFT_VERSION = 5.0;
				TARGETED_DEVICE_FAMILY = "1,2";
				TEST_HOST = "$(BUILT_PRODUCTS_DIR)/RxViperShoppingCart.app/RxViperShoppingCart";
			};
			name = Debug;
		};
		D91A2F72237C14E900F71942 /* Release */ = {
			isa = XCBuildConfiguration;
			baseConfigurationReference = B44C50D75430AC8C857DFFDD /* Pods-RxViperShoppingCartTests.release.xcconfig */;
			buildSettings = {
				ALWAYS_EMBED_SWIFT_STANDARD_LIBRARIES = YES;
				BUNDLE_LOADER = "$(TEST_HOST)";
				CODE_SIGN_STYLE = Automatic;
				DEVELOPMENT_TEAM = TZ824L8Y37;
				INFOPLIST_FILE = RxViperShoppingCartTests/Info.plist;
				IPHONEOS_DEPLOYMENT_TARGET = 13.2;
				LD_RUNPATH_SEARCH_PATHS = (
					"$(inherited)",
					"@executable_path/Frameworks",
					"@loader_path/Frameworks",
				);
				PRODUCT_BUNDLE_IDENTIFIER = com.zoho.showdraw.mac.RxViperShoppingCartTests;
				PRODUCT_NAME = "$(TARGET_NAME)";
				SWIFT_VERSION = 5.0;
				TARGETED_DEVICE_FAMILY = "1,2";
				TEST_HOST = "$(BUILT_PRODUCTS_DIR)/RxViperShoppingCart.app/RxViperShoppingCart";
			};
			name = Release;
		};
		D91A2F74237C14E900F71942 /* Debug */ = {
			isa = XCBuildConfiguration;
			baseConfigurationReference = 3A0AC2921C8DA0860978CEC8 /* Pods-RxViperShoppingCartUITests.debug.xcconfig */;
			buildSettings = {
				ALWAYS_EMBED_SWIFT_STANDARD_LIBRARIES = YES;
				CODE_SIGN_STYLE = Automatic;
				DEVELOPMENT_TEAM = TZ824L8Y37;
				INFOPLIST_FILE = RxViperShoppingCartUITests/Info.plist;
				LD_RUNPATH_SEARCH_PATHS = (
					"$(inherited)",
					"@executable_path/Frameworks",
					"@loader_path/Frameworks",
				);
				PRODUCT_BUNDLE_IDENTIFIER = com.zoho.showdraw.mac.RxViperShoppingCartUITests;
				PRODUCT_NAME = "$(TARGET_NAME)";
				SWIFT_VERSION = 5.0;
				TARGETED_DEVICE_FAMILY = "1,2";
				TEST_TARGET_NAME = RxViperShoppingCart;
			};
			name = Debug;
		};
		D91A2F75237C14E900F71942 /* Release */ = {
			isa = XCBuildConfiguration;
			baseConfigurationReference = 9721BA6884DDEC6D91C477D5 /* Pods-RxViperShoppingCartUITests.release.xcconfig */;
			buildSettings = {
				ALWAYS_EMBED_SWIFT_STANDARD_LIBRARIES = YES;
				CODE_SIGN_STYLE = Automatic;
				DEVELOPMENT_TEAM = TZ824L8Y37;
				INFOPLIST_FILE = RxViperShoppingCartUITests/Info.plist;
				LD_RUNPATH_SEARCH_PATHS = (
					"$(inherited)",
					"@executable_path/Frameworks",
					"@loader_path/Frameworks",
				);
				PRODUCT_BUNDLE_IDENTIFIER = com.zoho.showdraw.mac.RxViperShoppingCartUITests;
				PRODUCT_NAME = "$(TARGET_NAME)";
				SWIFT_VERSION = 5.0;
				TARGETED_DEVICE_FAMILY = "1,2";
				TEST_TARGET_NAME = RxViperShoppingCart;
			};
			name = Release;
		};
/* End XCBuildConfiguration section */

/* Begin XCConfigurationList section */
		D91A2F3B237C14E700F71942 /* Build configuration list for PBXProject "RxViperShoppingCart" */ = {
			isa = XCConfigurationList;
			buildConfigurations = (
				D91A2F6B237C14E900F71942 /* Debug */,
				D91A2F6C237C14E900F71942 /* Release */,
			);
			defaultConfigurationIsVisible = 0;
			defaultConfigurationName = Release;
		};
		D91A2F6D237C14E900F71942 /* Build configuration list for PBXNativeTarget "RxViperShoppingCart" */ = {
			isa = XCConfigurationList;
			buildConfigurations = (
				D91A2F6E237C14E900F71942 /* Debug */,
				D91A2F6F237C14E900F71942 /* Release */,
			);
			defaultConfigurationIsVisible = 0;
			defaultConfigurationName = Release;
		};
		D91A2F70237C14E900F71942 /* Build configuration list for PBXNativeTarget "RxViperShoppingCartTests" */ = {
			isa = XCConfigurationList;
			buildConfigurations = (
				D91A2F71237C14E900F71942 /* Debug */,
				D91A2F72237C14E900F71942 /* Release */,
			);
			defaultConfigurationIsVisible = 0;
			defaultConfigurationName = Release;
		};
		D91A2F73237C14E900F71942 /* Build configuration list for PBXNativeTarget "RxViperShoppingCartUITests" */ = {
			isa = XCConfigurationList;
			buildConfigurations = (
				D91A2F74237C14E900F71942 /* Debug */,
				D91A2F75237C14E900F71942 /* Release */,
			);
			defaultConfigurationIsVisible = 0;
			defaultConfigurationName = Release;
		};
/* End XCConfigurationList section */

/* Begin XCVersionGroup section */
		D91A2F4C237C14E700F71942 /* RxViperShoppingCart.xcdatamodeld */ = {
			isa = XCVersionGroup;
			children = (
				D91A2F4D237C14E700F71942 /* RxViperShoppingCart.xcdatamodel */,
			);
			currentVersion = D91A2F4D237C14E700F71942 /* RxViperShoppingCart.xcdatamodel */;
			path = RxViperShoppingCart.xcdatamodeld;
			sourceTree = "<group>";
			versionGroupType = wrapper.xcdatamodel;
		};
/* End XCVersionGroup section */
	};
	rootObject = D91A2F38237C14E700F71942 /* Project object */;
}
